
Microsoft Visual Studio Solution File, Format Version 12.00
# Visual Studio 15
VisualStudioVersion = 15.0.26730.10
MinimumVisualStudioVersion = 10.0.40219.1
Project("{FAE04EC0-301F-11D3-BF4B-00C04F79EFBC}") = "SampleLocalApp", "SampleLocalApp\SampleLocalApp\SampleLocalApp.csproj", "{D5CFD231-9792-4DE2-ABB8-5E263EF12F37}"
EndProject
Project("{FAE04EC0-301F-11D3-BF4B-00C04F79EFBC}") = "SampleLocalApp.iOS", "SampleLocalApp\SampleLocalApp.iOS\SampleLocalApp.iOS.csproj", "{D0669584-F59F-407A-8FD3-0D7E289FBA6A}"
EndProject
Project("{FAE04EC0-301F-11D3-BF4B-00C04F79EFBC}") = "SampleLocalApp.Android", "SampleLocalApp\SampleLocalApp.Android\SampleLocalApp.Android.csproj", "{3AD5F81C-103F-4929-B0BF-0461E4620449}"
EndProject
Project("{2150E333-8FDC-42A3-9474-1A3956D46DE8}") = "Library", "Library", "{A734C80C-5CAF-4F31-BEEB-890CB9B81B43}"
EndProject
Project("{FAE04EC0-301F-11D3-BF4B-00C04F79EFBC}") = "PlatformTabbedPage", "..\PlatformTabbedPage\PlatformTabbedPage.csproj", "{DB458B4E-8F03-442D-B65A-15A003488607}"
EndProject
Project("{FAE04EC0-301F-11D3-BF4B-00C04F79EFBC}") = "PlatformTabbedPage.iOS", "..\PlatformTabbedPage.iOS\PlatformTabbedPage.iOS.csproj", "{B2972A59-15F3-4F2E-BA8C-D9588E7428F0}"
EndProject
Project("{FAE04EC0-301F-11D3-BF4B-00C04F79EFBC}") = "PlatformTabbedPage.Droid", "..\PlatformTabbedPage.Droid\PlatformTabbedPage.Droid.csproj", "{9B5BD666-E5EE-469B-9250-D68B553AABDE}"
EndProject
Global
	GlobalSection(SolutionConfigurationPlatforms) = preSolution
		Ad-Hoc|Any CPU = Ad-Hoc|Any CPU
		Ad-Hoc|ARM = Ad-Hoc|ARM
		Ad-Hoc|iPhone = Ad-Hoc|iPhone
		Ad-Hoc|iPhoneSimulator = Ad-Hoc|iPhoneSimulator
		Ad-Hoc|x64 = Ad-Hoc|x64
		Ad-Hoc|x86 = Ad-Hoc|x86
		AppStore|Any CPU = AppStore|Any CPU
		AppStore|ARM = AppStore|ARM
		AppStore|iPhone = AppStore|iPhone
		AppStore|iPhoneSimulator = AppStore|iPhoneSimulator
		AppStore|x64 = AppStore|x64
		AppStore|x86 = AppStore|x86
		Debug|Any CPU = Debug|Any CPU
		Debug|ARM = Debug|ARM
		Debug|iPhone = Debug|iPhone
		Debug|iPhoneSimulator = Debug|iPhoneSimulator
		Debug|x64 = Debug|x64
		Debug|x86 = Debug|x86
		Release|Any CPU = Release|Any CPU
		Release|ARM = Release|ARM
		Release|iPhone = Release|iPhone
		Release|iPhoneSimulator = Release|iPhoneSimulator
		Release|x64 = Release|x64
		Release|x86 = Release|x86
	EndGlobalSection
	GlobalSection(ProjectConfigurationPlatforms) = postSolution
		{D5CFD231-9792-4DE2-ABB8-5E263EF12F37}.Ad-Hoc|Any CPU.ActiveCfg = Debug|Any CPU
		{D5CFD231-9792-4DE2-ABB8-5E263EF12F37}.Ad-Hoc|Any CPU.Build.0 = Debug|Any CPU
		{D5CFD231-9792-4DE2-ABB8-5E263EF12F37}.Ad-Hoc|ARM.ActiveCfg = Debug|Any CPU
		{D5CFD231-9792-4DE2-ABB8-5E263EF12F37}.Ad-Hoc|ARM.Build.0 = Debug|Any CPU
		{D5CFD231-9792-4DE2-ABB8-5E263EF12F37}.Ad-Hoc|iPhone.ActiveCfg = Debug|Any CPU
		{D5CFD231-9792-4DE2-ABB8-5E263EF12F37}.Ad-Hoc|iPhone.Build.0 = Debug|Any CPU
		{D5CFD231-9792-4DE2-ABB8-5E263EF12F37}.Ad-Hoc|iPhoneSimulator.ActiveCfg = Debug|Any CPU
		{D5CFD231-9792-4DE2-ABB8-5E263EF12F37}.Ad-Hoc|iPhoneSimulator.Build.0 = Debug|Any CPU
		{D5CFD231-9792-4DE2-ABB8-5E263EF12F37}.Ad-Hoc|x64.ActiveCfg = Debug|Any CPU
		{D5CFD231-9792-4DE2-ABB8-5E263EF12F37}.Ad-Hoc|x64.Build.0 = Debug|Any CPU
		{D5CFD231-9792-4DE2-ABB8-5E263EF12F37}.Ad-Hoc|x86.ActiveCfg = Debug|Any CPU
		{D5CFD231-9792-4DE2-ABB8-5E263EF12F37}.Ad-Hoc|x86.Build.0 = Debug|Any CPU
		{D5CFD231-9792-4DE2-ABB8-5E263EF12F37}.AppStore|Any CPU.ActiveCfg = Debug|Any CPU
		{D5CFD231-9792-4DE2-ABB8-5E263EF12F37}.AppStore|Any CPU.Build.0 = Debug|Any CPU
		{D5CFD231-9792-4DE2-ABB8-5E263EF12F37}.AppStore|ARM.ActiveCfg = Debug|Any CPU
		{D5CFD231-9792-4DE2-ABB8-5E263EF12F37}.AppStore|ARM.Build.0 = Debug|Any CPU
		{D5CFD231-9792-4DE2-ABB8-5E263EF12F37}.AppStore|iPhone.ActiveCfg = Debug|Any CPU
		{D5CFD231-9792-4DE2-ABB8-5E263EF12F37}.AppStore|iPhone.Build.0 = Debug|Any CPU
		{D5CFD231-9792-4DE2-ABB8-5E263EF12F37}.AppStore|iPhoneSimulator.ActiveCfg = Debug|Any CPU
		{D5CFD231-9792-4DE2-ABB8-5E263EF12F37}.AppStore|iPhoneSimulator.Build.0 = Debug|Any CPU
		{D5CFD231-9792-4DE2-ABB8-5E263EF12F37}.AppStore|x64.ActiveCfg = Debug|Any CPU
		{D5CFD231-9792-4DE2-ABB8-5E263EF12F37}.AppStore|x64.Build.0 = Debug|Any CPU
		{D5CFD231-9792-4DE2-ABB8-5E263EF12F37}.AppStore|x86.ActiveCfg = Debug|Any CPU
		{D5CFD231-9792-4DE2-ABB8-5E263EF12F37}.AppStore|x86.Build.0 = Debug|Any CPU
		{D5CFD231-9792-4DE2-ABB8-5E263EF12F37}.Debug|Any CPU.ActiveCfg = Debug|Any CPU
		{D5CFD231-9792-4DE2-ABB8-5E263EF12F37}.Debug|Any CPU.Build.0 = Debug|Any CPU
		{D5CFD231-9792-4DE2-ABB8-5E263EF12F37}.Debug|ARM.ActiveCfg = Debug|Any CPU
		{D5CFD231-9792-4DE2-ABB8-5E263EF12F37}.Debug|ARM.Build.0 = Debug|Any CPU
		{D5CFD231-9792-4DE2-ABB8-5E263EF12F37}.Debug|iPhone.ActiveCfg = Debug|Any CPU
		{D5CFD231-9792-4DE2-ABB8-5E263EF12F37}.Debug|iPhone.Build.0 = Debug|Any CPU
		{D5CFD231-9792-4DE2-ABB8-5E263EF12F37}.Debug|iPhoneSimulator.ActiveCfg = Debug|Any CPU
		{D5CFD231-9792-4DE2-ABB8-5E263EF12F37}.Debug|iPhoneSimulator.Build.0 = Debug|Any CPU
		{D5CFD231-9792-4DE2-ABB8-5E263EF12F37}.Debug|x64.ActiveCfg = Debug|Any CPU
		{D5CFD231-9792-4DE2-ABB8-5E263EF12F37}.Debug|x64.Build.0 = Debug|Any CPU
		{D5CFD231-9792-4DE2-ABB8-5E263EF12F37}.Debug|x86.ActiveCfg = Debug|Any CPU
		{D5CFD231-9792-4DE2-ABB8-5E263EF12F37}.Debug|x86.Build.0 = Debug|Any CPU
		{D5CFD231-9792-4DE2-ABB8-5E263EF12F37}.Release|Any CPU.ActiveCfg = Release|Any CPU
		{D5CFD231-9792-4DE2-ABB8-5E263EF12F37}.Release|Any CPU.Build.0 = Release|Any CPU
		{D5CFD231-9792-4DE2-ABB8-5E263EF12F37}.Release|ARM.ActiveCfg = Release|Any CPU
		{D5CFD231-9792-4DE2-ABB8-5E263EF12F37}.Release|ARM.Build.0 = Release|Any CPU
		{D5CFD231-9792-4DE2-ABB8-5E263EF12F37}.Release|iPhone.ActiveCfg = Release|Any CPU
		{D5CFD231-9792-4DE2-ABB8-5E263EF12F37}.Release|iPhone.Build.0 = Release|Any CPU
		{D5CFD231-9792-4DE2-ABB8-5E263EF12F37}.Release|iPhoneSimulator.ActiveCfg = Release|Any CPU
		{D5CFD231-9792-4DE2-ABB8-5E263EF12F37}.Release|iPhoneSimulator.Build.0 = Release|Any CPU
		{D5CFD231-9792-4DE2-ABB8-5E263EF12F37}.Release|x64.ActiveCfg = Release|Any CPU
		{D5CFD231-9792-4DE2-ABB8-5E263EF12F37}.Release|x64.Build.0 = Release|Any CPU
		{D5CFD231-9792-4DE2-ABB8-5E263EF12F37}.Release|x86.ActiveCfg = Release|Any CPU
		{D5CFD231-9792-4DE2-ABB8-5E263EF12F37}.Release|x86.Build.0 = Release|Any CPU
		{D0669584-F59F-407A-8FD3-0D7E289FBA6A}.Ad-Hoc|Any CPU.ActiveCfg = Ad-Hoc|iPhone
		{D0669584-F59F-407A-8FD3-0D7E289FBA6A}.Ad-Hoc|ARM.ActiveCfg = Ad-Hoc|iPhone
		{D0669584-F59F-407A-8FD3-0D7E289FBA6A}.Ad-Hoc|iPhone.ActiveCfg = Ad-Hoc|iPhone
		{D0669584-F59F-407A-8FD3-0D7E289FBA6A}.Ad-Hoc|iPhone.Build.0 = Ad-Hoc|iPhone
		{D0669584-F59F-407A-8FD3-0D7E289FBA6A}.Ad-Hoc|iPhoneSimulator.ActiveCfg = Ad-Hoc|iPhoneSimulator
		{D0669584-F59F-407A-8FD3-0D7E289FBA6A}.Ad-Hoc|iPhoneSimulator.Build.0 = Ad-Hoc|iPhoneSimulator
		{D0669584-F59F-407A-8FD3-0D7E289FBA6A}.Ad-Hoc|x64.ActiveCfg = Ad-Hoc|iPhone
		{D0669584-F59F-407A-8FD3-0D7E289FBA6A}.Ad-Hoc|x86.ActiveCfg = Ad-Hoc|iPhone
		{D0669584-F59F-407A-8FD3-0D7E289FBA6A}.AppStore|Any CPU.ActiveCfg = AppStore|iPhone
		{D0669584-F59F-407A-8FD3-0D7E289FBA6A}.AppStore|ARM.ActiveCfg = AppStore|iPhone
		{D0669584-F59F-407A-8FD3-0D7E289FBA6A}.AppStore|iPhone.ActiveCfg = AppStore|iPhone
		{D0669584-F59F-407A-8FD3-0D7E289FBA6A}.AppStore|iPhone.Build.0 = AppStore|iPhone
		{D0669584-F59F-407A-8FD3-0D7E289FBA6A}.AppStore|iPhoneSimulator.ActiveCfg = AppStore|iPhoneSimulator
		{D0669584-F59F-407A-8FD3-0D7E289FBA6A}.AppStore|iPhoneSimulator.Build.0 = AppStore|iPhoneSimulator
		{D0669584-F59F-407A-8FD3-0D7E289FBA6A}.AppStore|x64.ActiveCfg = AppStore|iPhone
		{D0669584-F59F-407A-8FD3-0D7E289FBA6A}.AppStore|x86.ActiveCfg = AppStore|iPhone
		{D0669584-F59F-407A-8FD3-0D7E289FBA6A}.Debug|Any CPU.ActiveCfg = Debug|iPhone
		{D0669584-F59F-407A-8FD3-0D7E289FBA6A}.Debug|ARM.ActiveCfg = Debug|iPhone
		{D0669584-F59F-407A-8FD3-0D7E289FBA6A}.Debug|iPhone.ActiveCfg = Debug|iPhone
		{D0669584-F59F-407A-8FD3-0D7E289FBA6A}.Debug|iPhone.Build.0 = Debug|iPhone
		{D0669584-F59F-407A-8FD3-0D7E289FBA6A}.Debug|iPhoneSimulator.ActiveCfg = Debug|iPhoneSimulator
		{D0669584-F59F-407A-8FD3-0D7E289FBA6A}.Debug|iPhoneSimulator.Build.0 = Debug|iPhoneSimulator
		{D0669584-F59F-407A-8FD3-0D7E289FBA6A}.Debug|x64.ActiveCfg = Debug|iPhone
		{D0669584-F59F-407A-8FD3-0D7E289FBA6A}.Debug|x86.ActiveCfg = Debug|iPhone
		{D0669584-F59F-407A-8FD3-0D7E289FBA6A}.Release|Any CPU.ActiveCfg = Release|iPhone
		{D0669584-F59F-407A-8FD3-0D7E289FBA6A}.Release|ARM.ActiveCfg = Release|iPhone
		{D0669584-F59F-407A-8FD3-0D7E289FBA6A}.Release|iPhone.ActiveCfg = Release|iPhone
		{D0669584-F59F-407A-8FD3-0D7E289FBA6A}.Release|iPhone.Build.0 = Release|iPhone
		{D0669584-F59F-407A-8FD3-0D7E289FBA6A}.Release|iPhoneSimulator.ActiveCfg = Release|iPhoneSimulator
		{D0669584-F59F-407A-8FD3-0D7E289FBA6A}.Release|iPhoneSimulator.Build.0 = Release|iPhoneSimulator
		{D0669584-F59F-407A-8FD3-0D7E289FBA6A}.Release|x64.ActiveCfg = Release|iPhone
		{D0669584-F59F-407A-8FD3-0D7E289FBA6A}.Release|x86.ActiveCfg = Release|iPhone
		{34F11881-6BE1-4987-9194-7FB09B0641BA}.Ad-Hoc|Any CPU.ActiveCfg = Release|x86
		{34F11881-6BE1-4987-9194-7FB09B0641BA}.Ad-Hoc|Any CPU.Build.0 = Release|x86
		{34F11881-6BE1-4987-9194-7FB09B0641BA}.Ad-Hoc|Any CPU.Deploy.0 = Release|x86
		{34F11881-6BE1-4987-9194-7FB09B0641BA}.Ad-Hoc|ARM.ActiveCfg = Release|ARM
		{34F11881-6BE1-4987-9194-7FB09B0641BA}.Ad-Hoc|ARM.Build.0 = Release|ARM
		{34F11881-6BE1-4987-9194-7FB09B0641BA}.Ad-Hoc|ARM.Deploy.0 = Release|ARM
		{34F11881-6BE1-4987-9194-7FB09B0641BA}.Ad-Hoc|iPhone.ActiveCfg = Release|x86
		{34F11881-6BE1-4987-9194-7FB09B0641BA}.Ad-Hoc|iPhone.Build.0 = Release|x86
		{34F11881-6BE1-4987-9194-7FB09B0641BA}.Ad-Hoc|iPhone.Deploy.0 = Release|x86
		{34F11881-6BE1-4987-9194-7FB09B0641BA}.Ad-Hoc|iPhoneSimulator.ActiveCfg = Release|x86
		{34F11881-6BE1-4987-9194-7FB09B0641BA}.Ad-Hoc|iPhoneSimulator.Build.0 = Release|x86
		{34F11881-6BE1-4987-9194-7FB09B0641BA}.Ad-Hoc|iPhoneSimulator.Deploy.0 = Release|x86
		{34F11881-6BE1-4987-9194-7FB09B0641BA}.Ad-Hoc|x64.ActiveCfg = Release|x64
		{34F11881-6BE1-4987-9194-7FB09B0641BA}.Ad-Hoc|x64.Build.0 = Release|x64
		{34F11881-6BE1-4987-9194-7FB09B0641BA}.Ad-Hoc|x64.Deploy.0 = Release|x64
		{34F11881-6BE1-4987-9194-7FB09B0641BA}.Ad-Hoc|x86.ActiveCfg = Release|x86
		{34F11881-6BE1-4987-9194-7FB09B0641BA}.Ad-Hoc|x86.Build.0 = Release|x86
		{34F11881-6BE1-4987-9194-7FB09B0641BA}.Ad-Hoc|x86.Deploy.0 = Release|x86
		{34F11881-6BE1-4987-9194-7FB09B0641BA}.AppStore|Any CPU.ActiveCfg = Release|x86
		{34F11881-6BE1-4987-9194-7FB09B0641BA}.AppStore|Any CPU.Build.0 = Release|x86
		{34F11881-6BE1-4987-9194-7FB09B0641BA}.AppStore|Any CPU.Deploy.0 = Release|x86
		{34F11881-6BE1-4987-9194-7FB09B0641BA}.AppStore|ARM.ActiveCfg = Release|ARM
		{34F11881-6BE1-4987-9194-7FB09B0641BA}.AppStore|ARM.Build.0 = Release|ARM
		{34F11881-6BE1-4987-9194-7FB09B0641BA}.AppStore|ARM.Deploy.0 = Release|ARM
		{34F11881-6BE1-4987-9194-7FB09B0641BA}.AppStore|iPhone.ActiveCfg = Release|x86
		{34F11881-6BE1-4987-9194-7FB09B0641BA}.AppStore|iPhone.Build.0 = Release|x86
		{34F11881-6BE1-4987-9194-7FB09B0641BA}.AppStore|iPhone.Deploy.0 = Release|x86
		{34F11881-6BE1-4987-9194-7FB09B0641BA}.AppStore|iPhoneSimulator.ActiveCfg = Release|x86
		{34F11881-6BE1-4987-9194-7FB09B0641BA}.AppStore|iPhoneSimulator.Build.0 = Release|x86
		{34F11881-6BE1-4987-9194-7FB09B0641BA}.AppStore|iPhoneSimulator.Deploy.0 = Release|x86
		{34F11881-6BE1-4987-9194-7FB09B0641BA}.AppStore|x64.ActiveCfg = Release|x64
		{34F11881-6BE1-4987-9194-7FB09B0641BA}.AppStore|x64.Build.0 = Release|x64
		{34F11881-6BE1-4987-9194-7FB09B0641BA}.AppStore|x64.Deploy.0 = Release|x64
		{34F11881-6BE1-4987-9194-7FB09B0641BA}.AppStore|x86.ActiveCfg = Release|x86
		{34F11881-6BE1-4987-9194-7FB09B0641BA}.AppStore|x86.Build.0 = Release|x86
		{34F11881-6BE1-4987-9194-7FB09B0641BA}.AppStore|x86.Deploy.0 = Release|x86
		{34F11881-6BE1-4987-9194-7FB09B0641BA}.Debug|Any CPU.ActiveCfg = Debug|x86
		{34F11881-6BE1-4987-9194-7FB09B0641BA}.Debug|ARM.ActiveCfg = Debug|ARM
		{34F11881-6BE1-4987-9194-7FB09B0641BA}.Debug|ARM.Build.0 = Debug|ARM
		{34F11881-6BE1-4987-9194-7FB09B0641BA}.Debug|ARM.Deploy.0 = Debug|ARM
		{34F11881-6BE1-4987-9194-7FB09B0641BA}.Debug|iPhone.ActiveCfg = Debug|x86
		{34F11881-6BE1-4987-9194-7FB09B0641BA}.Debug|iPhoneSimulator.ActiveCfg = Debug|x86
		{34F11881-6BE1-4987-9194-7FB09B0641BA}.Debug|x64.ActiveCfg = Debug|x64
		{34F11881-6BE1-4987-9194-7FB09B0641BA}.Debug|x64.Build.0 = Debug|x64
		{34F11881-6BE1-4987-9194-7FB09B0641BA}.Debug|x64.Deploy.0 = Debug|x64
		{34F11881-6BE1-4987-9194-7FB09B0641BA}.Debug|x86.ActiveCfg = Debug|x86
		{34F11881-6BE1-4987-9194-7FB09B0641BA}.Debug|x86.Build.0 = Debug|x86
		{34F11881-6BE1-4987-9194-7FB09B0641BA}.Debug|x86.Deploy.0 = Debug|x86
		{34F11881-6BE1-4987-9194-7FB09B0641BA}.Release|Any CPU.ActiveCfg = Release|x86
		{34F11881-6BE1-4987-9194-7FB09B0641BA}.Release|ARM.ActiveCfg = Release|ARM
		{34F11881-6BE1-4987-9194-7FB09B0641BA}.Release|ARM.Build.0 = Release|ARM
		{34F11881-6BE1-4987-9194-7FB09B0641BA}.Release|ARM.Deploy.0 = Release|ARM
		{34F11881-6BE1-4987-9194-7FB09B0641BA}.Release|iPhone.ActiveCfg = Release|x86
		{34F11881-6BE1-4987-9194-7FB09B0641BA}.Release|iPhoneSimulator.ActiveCfg = Release|x86
		{34F11881-6BE1-4987-9194-7FB09B0641BA}.Release|x64.ActiveCfg = Release|x64
		{34F11881-6BE1-4987-9194-7FB09B0641BA}.Release|x64.Build.0 = Release|x64
		{34F11881-6BE1-4987-9194-7FB09B0641BA}.Release|x64.Deploy.0 = Release|x64
		{34F11881-6BE1-4987-9194-7FB09B0641BA}.Release|x86.ActiveCfg = Release|x86
		{34F11881-6BE1-4987-9194-7FB09B0641BA}.Release|x86.Build.0 = Release|x86
		{34F11881-6BE1-4987-9194-7FB09B0641BA}.Release|x86.Deploy.0 = Release|x86
		{20FDA6ED-B68E-4610-807B-F358668F181E}.Ad-Hoc|Any CPU.ActiveCfg = Release|Any CPU
		{20FDA6ED-B68E-4610-807B-F358668F181E}.Ad-Hoc|Any CPU.Build.0 = Release|Any CPU
		{20FDA6ED-B68E-4610-807B-F358668F181E}.Ad-Hoc|Any CPU.Deploy.0 = Release|Any CPU
		{20FDA6ED-B68E-4610-807B-F358668F181E}.Ad-Hoc|ARM.ActiveCfg = Release|Any CPU
		{20FDA6ED-B68E-4610-807B-F358668F181E}.Ad-Hoc|ARM.Build.0 = Release|Any CPU
		{20FDA6ED-B68E-4610-807B-F358668F181E}.Ad-Hoc|ARM.Deploy.0 = Release|Any CPU
		{20FDA6ED-B68E-4610-807B-F358668F181E}.Ad-Hoc|iPhone.ActiveCfg = Release|Any CPU
		{20FDA6ED-B68E-4610-807B-F358668F181E}.Ad-Hoc|iPhone.Build.0 = Release|Any CPU
		{20FDA6ED-B68E-4610-807B-F358668F181E}.Ad-Hoc|iPhone.Deploy.0 = Release|Any CPU
		{20FDA6ED-B68E-4610-807B-F358668F181E}.Ad-Hoc|iPhoneSimulator.ActiveCfg = Release|Any CPU
		{20FDA6ED-B68E-4610-807B-F358668F181E}.Ad-Hoc|iPhoneSimulator.Build.0 = Release|Any CPU
		{20FDA6ED-B68E-4610-807B-F358668F181E}.Ad-Hoc|iPhoneSimulator.Deploy.0 = Release|Any CPU
		{20FDA6ED-B68E-4610-807B-F358668F181E}.Ad-Hoc|x64.ActiveCfg = Release|Any CPU
		{20FDA6ED-B68E-4610-807B-F358668F181E}.Ad-Hoc|x64.Build.0 = Release|Any CPU
		{20FDA6ED-B68E-4610-807B-F358668F181E}.Ad-Hoc|x64.Deploy.0 = Release|Any CPU
		{20FDA6ED-B68E-4610-807B-F358668F181E}.Ad-Hoc|x86.ActiveCfg = Release|Any CPU
		{20FDA6ED-B68E-4610-807B-F358668F181E}.Ad-Hoc|x86.Build.0 = Release|Any CPU
		{20FDA6ED-B68E-4610-807B-F358668F181E}.Ad-Hoc|x86.Deploy.0 = Release|Any CPU
		{20FDA6ED-B68E-4610-807B-F358668F181E}.AppStore|Any CPU.ActiveCfg = Release|Any CPU
		{20FDA6ED-B68E-4610-807B-F358668F181E}.AppStore|Any CPU.Build.0 = Release|Any CPU
		{20FDA6ED-B68E-4610-807B-F358668F181E}.AppStore|Any CPU.Deploy.0 = Release|Any CPU
		{20FDA6ED-B68E-4610-807B-F358668F181E}.AppStore|ARM.ActiveCfg = Release|Any CPU
		{20FDA6ED-B68E-4610-807B-F358668F181E}.AppStore|ARM.Build.0 = Release|Any CPU
		{20FDA6ED-B68E-4610-807B-F358668F181E}.AppStore|ARM.Deploy.0 = Release|Any CPU
		{20FDA6ED-B68E-4610-807B-F358668F181E}.AppStore|iPhone.ActiveCfg = Release|Any CPU
		{20FDA6ED-B68E-4610-807B-F358668F181E}.AppStore|iPhone.Build.0 = Release|Any CPU
		{20FDA6ED-B68E-4610-807B-F358668F181E}.AppStore|iPhone.Deploy.0 = Release|Any CPU
		{20FDA6ED-B68E-4610-807B-F358668F181E}.AppStore|iPhoneSimulator.ActiveCfg = Release|Any CPU
		{20FDA6ED-B68E-4610-807B-F358668F181E}.AppStore|iPhoneSimulator.Build.0 = Release|Any CPU
		{20FDA6ED-B68E-4610-807B-F358668F181E}.AppStore|iPhoneSimulator.Deploy.0 = Release|Any CPU
		{20FDA6ED-B68E-4610-807B-F358668F181E}.AppStore|x64.ActiveCfg = Release|Any CPU
		{20FDA6ED-B68E-4610-807B-F358668F181E}.AppStore|x64.Build.0 = Release|Any CPU
		{20FDA6ED-B68E-4610-807B-F358668F181E}.AppStore|x64.Deploy.0 = Release|Any CPU
		{20FDA6ED-B68E-4610-807B-F358668F181E}.AppStore|x86.ActiveCfg = Release|Any CPU
		{20FDA6ED-B68E-4610-807B-F358668F181E}.AppStore|x86.Build.0 = Release|Any CPU
		{20FDA6ED-B68E-4610-807B-F358668F181E}.AppStore|x86.Deploy.0 = Release|Any CPU
		{20FDA6ED-B68E-4610-807B-F358668F181E}.Debug|Any CPU.ActiveCfg = Debug|Any CPU
		{20FDA6ED-B68E-4610-807B-F358668F181E}.Debug|Any CPU.Build.0 = Debug|Any CPU
		{20FDA6ED-B68E-4610-807B-F358668F181E}.Debug|Any CPU.Deploy.0 = Debug|Any CPU
		{20FDA6ED-B68E-4610-807B-F358668F181E}.Debug|ARM.ActiveCfg = Debug|Any CPU
		{20FDA6ED-B68E-4610-807B-F358668F181E}.Debug|ARM.Build.0 = Debug|Any CPU
		{20FDA6ED-B68E-4610-807B-F358668F181E}.Debug|ARM.Deploy.0 = Debug|Any CPU
		{20FDA6ED-B68E-4610-807B-F358668F181E}.Debug|iPhone.ActiveCfg = Debug|Any CPU
		{20FDA6ED-B68E-4610-807B-F358668F181E}.Debug|iPhone.Build.0 = Debug|Any CPU
		{20FDA6ED-B68E-4610-807B-F358668F181E}.Debug|iPhone.Deploy.0 = Debug|Any CPU
		{20FDA6ED-B68E-4610-807B-F358668F181E}.Debug|iPhoneSimulator.ActiveCfg = Debug|Any CPU
		{20FDA6ED-B68E-4610-807B-F358668F181E}.Debug|iPhoneSimulator.Build.0 = Debug|Any CPU
		{20FDA6ED-B68E-4610-807B-F358668F181E}.Debug|iPhoneSimulator.Deploy.0 = Debug|Any CPU
		{20FDA6ED-B68E-4610-807B-F358668F181E}.Debug|x64.ActiveCfg = Debug|Any CPU
		{20FDA6ED-B68E-4610-807B-F358668F181E}.Debug|x64.Build.0 = Debug|Any CPU
		{20FDA6ED-B68E-4610-807B-F358668F181E}.Debug|x64.Deploy.0 = Debug|Any CPU
		{20FDA6ED-B68E-4610-807B-F358668F181E}.Debug|x86.ActiveCfg = Debug|Any CPU
		{20FDA6ED-B68E-4610-807B-F358668F181E}.Debug|x86.Build.0 = Debug|Any CPU
		{20FDA6ED-B68E-4610-807B-F358668F181E}.Debug|x86.Deploy.0 = Debug|Any CPU
		{20FDA6ED-B68E-4610-807B-F358668F181E}.Release|Any CPU.ActiveCfg = Release|Any CPU
		{20FDA6ED-B68E-4610-807B-F358668F181E}.Release|Any CPU.Build.0 = Release|Any CPU
		{20FDA6ED-B68E-4610-807B-F358668F181E}.Release|Any CPU.Deploy.0 = Release|Any CPU
		{20FDA6ED-B68E-4610-807B-F358668F181E}.Release|ARM.ActiveCfg = Release|Any CPU
		{20FDA6ED-B68E-4610-807B-F358668F181E}.Release|ARM.Build.0 = Release|Any CPU
		{20FDA6ED-B68E-4610-807B-F358668F181E}.Release|ARM.Deploy.0 = Release|Any CPU
		{20FDA6ED-B68E-4610-807B-F358668F181E}.Release|iPhone.ActiveCfg = Release|Any CPU
		{20FDA6ED-B68E-4610-807B-F358668F181E}.Release|iPhone.Build.0 = Release|Any CPU
		{20FDA6ED-B68E-4610-807B-F358668F181E}.Release|iPhone.Deploy.0 = Release|Any CPU
		{20FDA6ED-B68E-4610-807B-F358668F181E}.Release|iPhoneSimulator.ActiveCfg = Release|Any CPU
		{20FDA6ED-B68E-4610-807B-F358668F181E}.Release|iPhoneSimulator.Build.0 = Release|Any CPU
		{20FDA6ED-B68E-4610-807B-F358668F181E}.Release|iPhoneSimulator.Deploy.0 = Release|Any CPU
		{20FDA6ED-B68E-4610-807B-F358668F181E}.Release|x64.ActiveCfg = Release|Any CPU
		{20FDA6ED-B68E-4610-807B-F358668F181E}.Release|x64.Build.0 = Release|Any CPU
		{20FDA6ED-B68E-4610-807B-F358668F181E}.Release|x64.Deploy.0 = Release|Any CPU
		{20FDA6ED-B68E-4610-807B-F358668F181E}.Release|x86.ActiveCfg = Release|Any CPU
		{20FDA6ED-B68E-4610-807B-F358668F181E}.Release|x86.Build.0 = Release|Any CPU
		{20FDA6ED-B68E-4610-807B-F358668F181E}.Release|x86.Deploy.0 = Release|Any CPU
		{B445DF73-AC9E-4276-9FBA-7CB5AD5D2518}.Ad-Hoc|Any CPU.ActiveCfg = Release|Any CPU
		{B445DF73-AC9E-4276-9FBA-7CB5AD5D2518}.Ad-Hoc|Any CPU.Build.0 = Release|Any CPU
		{B445DF73-AC9E-4276-9FBA-7CB5AD5D2518}.Ad-Hoc|ARM.ActiveCfg = Release|Any CPU
		{B445DF73-AC9E-4276-9FBA-7CB5AD5D2518}.Ad-Hoc|ARM.Build.0 = Release|Any CPU
		{B445DF73-AC9E-4276-9FBA-7CB5AD5D2518}.Ad-Hoc|iPhone.ActiveCfg = Release|Any CPU
		{B445DF73-AC9E-4276-9FBA-7CB5AD5D2518}.Ad-Hoc|iPhone.Build.0 = Release|Any CPU
		{B445DF73-AC9E-4276-9FBA-7CB5AD5D2518}.Ad-Hoc|iPhoneSimulator.ActiveCfg = Release|Any CPU
		{B445DF73-AC9E-4276-9FBA-7CB5AD5D2518}.Ad-Hoc|iPhoneSimulator.Build.0 = Release|Any CPU
		{B445DF73-AC9E-4276-9FBA-7CB5AD5D2518}.Ad-Hoc|x64.ActiveCfg = Release|Any CPU
		{B445DF73-AC9E-4276-9FBA-7CB5AD5D2518}.Ad-Hoc|x64.Build.0 = Release|Any CPU
		{B445DF73-AC9E-4276-9FBA-7CB5AD5D2518}.Ad-Hoc|x86.ActiveCfg = Release|Any CPU
		{B445DF73-AC9E-4276-9FBA-7CB5AD5D2518}.Ad-Hoc|x86.Build.0 = Release|Any CPU
		{B445DF73-AC9E-4276-9FBA-7CB5AD5D2518}.AppStore|Any CPU.ActiveCfg = Release|Any CPU
		{B445DF73-AC9E-4276-9FBA-7CB5AD5D2518}.AppStore|Any CPU.Build.0 = Release|Any CPU
		{B445DF73-AC9E-4276-9FBA-7CB5AD5D2518}.AppStore|ARM.ActiveCfg = Release|Any CPU
		{B445DF73-AC9E-4276-9FBA-7CB5AD5D2518}.AppStore|ARM.Build.0 = Release|Any CPU
		{B445DF73-AC9E-4276-9FBA-7CB5AD5D2518}.AppStore|iPhone.ActiveCfg = Release|Any CPU
		{B445DF73-AC9E-4276-9FBA-7CB5AD5D2518}.AppStore|iPhone.Build.0 = Release|Any CPU
		{B445DF73-AC9E-4276-9FBA-7CB5AD5D2518}.AppStore|iPhoneSimulator.ActiveCfg = Release|Any CPU
		{B445DF73-AC9E-4276-9FBA-7CB5AD5D2518}.AppStore|iPhoneSimulator.Build.0 = Release|Any CPU
		{B445DF73-AC9E-4276-9FBA-7CB5AD5D2518}.AppStore|x64.ActiveCfg = Release|Any CPU
		{B445DF73-AC9E-4276-9FBA-7CB5AD5D2518}.AppStore|x64.Build.0 = Release|Any CPU
		{B445DF73-AC9E-4276-9FBA-7CB5AD5D2518}.AppStore|x86.ActiveCfg = Release|Any CPU
		{B445DF73-AC9E-4276-9FBA-7CB5AD5D2518}.AppStore|x86.Build.0 = Release|Any CPU
		{B445DF73-AC9E-4276-9FBA-7CB5AD5D2518}.Debug|Any CPU.ActiveCfg = Debug|Any CPU
		{B445DF73-AC9E-4276-9FBA-7CB5AD5D2518}.Debug|Any CPU.Build.0 = Debug|Any CPU
		{B445DF73-AC9E-4276-9FBA-7CB5AD5D2518}.Debug|ARM.ActiveCfg = Debug|Any CPU
		{B445DF73-AC9E-4276-9FBA-7CB5AD5D2518}.Debug|ARM.Build.0 = Debug|Any CPU
		{B445DF73-AC9E-4276-9FBA-7CB5AD5D2518}.Debug|iPhone.ActiveCfg = Debug|Any CPU
		{B445DF73-AC9E-4276-9FBA-7CB5AD5D2518}.Debug|iPhone.Build.0 = Debug|Any CPU
		{B445DF73-AC9E-4276-9FBA-7CB5AD5D2518}.Debug|iPhoneSimulator.ActiveCfg = Debug|Any CPU
		{B445DF73-AC9E-4276-9FBA-7CB5AD5D2518}.Debug|iPhoneSimulator.Build.0 = Debug|Any CPU
		{B445DF73-AC9E-4276-9FBA-7CB5AD5D2518}.Debug|x64.ActiveCfg = Debug|Any CPU
		{B445DF73-AC9E-4276-9FBA-7CB5AD5D2518}.Debug|x64.Build.0 = Debug|Any CPU
		{B445DF73-AC9E-4276-9FBA-7CB5AD5D2518}.Debug|x86.ActiveCfg = Debug|Any CPU
		{B445DF73-AC9E-4276-9FBA-7CB5AD5D2518}.Debug|x86.Build.0 = Debug|Any CPU
		{B445DF73-AC9E-4276-9FBA-7CB5AD5D2518}.Release|Any CPU.ActiveCfg = Release|Any CPU
		{B445DF73-AC9E-4276-9FBA-7CB5AD5D2518}.Release|Any CPU.Build.0 = Release|Any CPU
		{B445DF73-AC9E-4276-9FBA-7CB5AD5D2518}.Release|ARM.ActiveCfg = Release|Any CPU
		{B445DF73-AC9E-4276-9FBA-7CB5AD5D2518}.Release|ARM.Build.0 = Release|Any CPU
		{B445DF73-AC9E-4276-9FBA-7CB5AD5D2518}.Release|iPhone.ActiveCfg = Release|Any CPU
		{B445DF73-AC9E-4276-9FBA-7CB5AD5D2518}.Release|iPhone.Build.0 = Release|Any CPU
		{B445DF73-AC9E-4276-9FBA-7CB5AD5D2518}.Release|iPhoneSimulator.ActiveCfg = Release|Any CPU
		{B445DF73-AC9E-4276-9FBA-7CB5AD5D2518}.Release|iPhoneSimulator.Build.0 = Release|Any CPU
		{B445DF73-AC9E-4276-9FBA-7CB5AD5D2518}.Release|x64.ActiveCfg = Release|Any CPU
		{B445DF73-AC9E-4276-9FBA-7CB5AD5D2518}.Release|x64.Build.0 = Release|Any CPU
		{B445DF73-AC9E-4276-9FBA-7CB5AD5D2518}.Release|x86.ActiveCfg = Release|Any CPU
		{B445DF73-AC9E-4276-9FBA-7CB5AD5D2518}.Release|x86.Build.0 = Release|Any CPU
		{DB458B4E-8F03-442D-B65A-15A003488607}.Ad-Hoc|Any CPU.ActiveCfg = Release|Any CPU
		{DB458B4E-8F03-442D-B65A-15A003488607}.Ad-Hoc|Any CPU.Build.0 = Release|Any CPU
		{DB458B4E-8F03-442D-B65A-15A003488607}.Ad-Hoc|ARM.ActiveCfg = Release|Any CPU
		{DB458B4E-8F03-442D-B65A-15A003488607}.Ad-Hoc|ARM.Build.0 = Release|Any CPU
		{DB458B4E-8F03-442D-B65A-15A003488607}.Ad-Hoc|iPhone.ActiveCfg = Release|Any CPU
		{DB458B4E-8F03-442D-B65A-15A003488607}.Ad-Hoc|iPhone.Build.0 = Release|Any CPU
		{DB458B4E-8F03-442D-B65A-15A003488607}.Ad-Hoc|iPhoneSimulator.ActiveCfg = Release|Any CPU
		{DB458B4E-8F03-442D-B65A-15A003488607}.Ad-Hoc|iPhoneSimulator.Build.0 = Release|Any CPU
		{DB458B4E-8F03-442D-B65A-15A003488607}.Ad-Hoc|x64.ActiveCfg = Release|Any CPU
		{DB458B4E-8F03-442D-B65A-15A003488607}.Ad-Hoc|x64.Build.0 = Release|Any CPU
		{DB458B4E-8F03-442D-B65A-15A003488607}.Ad-Hoc|x86.ActiveCfg = Release|Any CPU
		{DB458B4E-8F03-442D-B65A-15A003488607}.Ad-Hoc|x86.Build.0 = Release|Any CPU
		{DB458B4E-8F03-442D-B65A-15A003488607}.AppStore|Any CPU.ActiveCfg = Release|Any CPU
		{DB458B4E-8F03-442D-B65A-15A003488607}.AppStore|Any CPU.Build.0 = Release|Any CPU
		{DB458B4E-8F03-442D-B65A-15A003488607}.AppStore|ARM.ActiveCfg = Release|Any CPU
		{DB458B4E-8F03-442D-B65A-15A003488607}.AppStore|ARM.Build.0 = Release|Any CPU
		{DB458B4E-8F03-442D-B65A-15A003488607}.AppStore|iPhone.ActiveCfg = Release|Any CPU
		{DB458B4E-8F03-442D-B65A-15A003488607}.AppStore|iPhone.Build.0 = Release|Any CPU
		{DB458B4E-8F03-442D-B65A-15A003488607}.AppStore|iPhoneSimulator.ActiveCfg = Release|Any CPU
		{DB458B4E-8F03-442D-B65A-15A003488607}.AppStore|iPhoneSimulator.Build.0 = Release|Any CPU
		{DB458B4E-8F03-442D-B65A-15A003488607}.AppStore|x64.ActiveCfg = Release|Any CPU
		{DB458B4E-8F03-442D-B65A-15A003488607}.AppStore|x64.Build.0 = Release|Any CPU
		{DB458B4E-8F03-442D-B65A-15A003488607}.AppStore|x86.ActiveCfg = Release|Any CPU
		{DB458B4E-8F03-442D-B65A-15A003488607}.AppStore|x86.Build.0 = Release|Any CPU
		{DB458B4E-8F03-442D-B65A-15A003488607}.Debug|Any CPU.ActiveCfg = Debug|Any CPU
		{DB458B4E-8F03-442D-B65A-15A003488607}.Debug|Any CPU.Build.0 = Debug|Any CPU
		{DB458B4E-8F03-442D-B65A-15A003488607}.Debug|ARM.ActiveCfg = Debug|Any CPU
		{DB458B4E-8F03-442D-B65A-15A003488607}.Debug|ARM.Build.0 = Debug|Any CPU
		{DB458B4E-8F03-442D-B65A-15A003488607}.Debug|iPhone.ActiveCfg = Debug|Any CPU
		{DB458B4E-8F03-442D-B65A-15A003488607}.Debug|iPhone.Build.0 = Debug|Any CPU
		{DB458B4E-8F03-442D-B65A-15A003488607}.Debug|iPhoneSimulator.ActiveCfg = Debug|Any CPU
		{DB458B4E-8F03-442D-B65A-15A003488607}.Debug|iPhoneSimulator.Build.0 = Debug|Any CPU
		{DB458B4E-8F03-442D-B65A-15A003488607}.Debug|x64.ActiveCfg = Debug|Any CPU
		{DB458B4E-8F03-442D-B65A-15A003488607}.Debug|x64.Build.0 = Debug|Any CPU
		{DB458B4E-8F03-442D-B65A-15A003488607}.Debug|x86.ActiveCfg = Debug|Any CPU
		{DB458B4E-8F03-442D-B65A-15A003488607}.Debug|x86.Build.0 = Debug|Any CPU
		{DB458B4E-8F03-442D-B65A-15A003488607}.Release|Any CPU.ActiveCfg = Release|Any CPU
		{DB458B4E-8F03-442D-B65A-15A003488607}.Release|Any CPU.Build.0 = Release|Any CPU
		{DB458B4E-8F03-442D-B65A-15A003488607}.Release|ARM.ActiveCfg = Release|Any CPU
		{DB458B4E-8F03-442D-B65A-15A003488607}.Release|ARM.Build.0 = Release|Any CPU
		{DB458B4E-8F03-442D-B65A-15A003488607}.Release|iPhone.ActiveCfg = Release|Any CPU
		{DB458B4E-8F03-442D-B65A-15A003488607}.Release|iPhone.Build.0 = Release|Any CPU
		{DB458B4E-8F03-442D-B65A-15A003488607}.Release|iPhoneSimulator.ActiveCfg = Release|Any CPU
		{DB458B4E-8F03-442D-B65A-15A003488607}.Release|iPhoneSimulator.Build.0 = Release|Any CPU
		{DB458B4E-8F03-442D-B65A-15A003488607}.Release|x64.ActiveCfg = Release|Any CPU
		{DB458B4E-8F03-442D-B65A-15A003488607}.Release|x64.Build.0 = Release|Any CPU
		{DB458B4E-8F03-442D-B65A-15A003488607}.Release|x86.ActiveCfg = Release|Any CPU
		{DB458B4E-8F03-442D-B65A-15A003488607}.Release|x86.Build.0 = Release|Any CPU
		{B2972A59-15F3-4F2E-BA8C-D9588E7428F0}.Ad-Hoc|Any CPU.ActiveCfg = Release|Any CPU
		{B2972A59-15F3-4F2E-BA8C-D9588E7428F0}.Ad-Hoc|Any CPU.Build.0 = Release|Any CPU
		{B2972A59-15F3-4F2E-BA8C-D9588E7428F0}.Ad-Hoc|ARM.ActiveCfg = Release|Any CPU
		{B2972A59-15F3-4F2E-BA8C-D9588E7428F0}.Ad-Hoc|ARM.Build.0 = Release|Any CPU
		{B2972A59-15F3-4F2E-BA8C-D9588E7428F0}.Ad-Hoc|iPhone.ActiveCfg = Release|Any CPU
		{B2972A59-15F3-4F2E-BA8C-D9588E7428F0}.Ad-Hoc|iPhone.Build.0 = Release|Any CPU
		{B2972A59-15F3-4F2E-BA8C-D9588E7428F0}.Ad-Hoc|iPhoneSimulator.ActiveCfg = Release|Any CPU
		{B2972A59-15F3-4F2E-BA8C-D9588E7428F0}.Ad-Hoc|iPhoneSimulator.Build.0 = Release|Any CPU
		{B2972A59-15F3-4F2E-BA8C-D9588E7428F0}.Ad-Hoc|x64.ActiveCfg = Release|Any CPU
		{B2972A59-15F3-4F2E-BA8C-D9588E7428F0}.Ad-Hoc|x64.Build.0 = Release|Any CPU
		{B2972A59-15F3-4F2E-BA8C-D9588E7428F0}.Ad-Hoc|x86.ActiveCfg = Release|Any CPU
		{B2972A59-15F3-4F2E-BA8C-D9588E7428F0}.Ad-Hoc|x86.Build.0 = Release|Any CPU
		{B2972A59-15F3-4F2E-BA8C-D9588E7428F0}.AppStore|Any CPU.ActiveCfg = Release|Any CPU
		{B2972A59-15F3-4F2E-BA8C-D9588E7428F0}.AppStore|Any CPU.Build.0 = Release|Any CPU
		{B2972A59-15F3-4F2E-BA8C-D9588E7428F0}.AppStore|ARM.ActiveCfg = Release|Any CPU
		{B2972A59-15F3-4F2E-BA8C-D9588E7428F0}.AppStore|ARM.Build.0 = Release|Any CPU
		{B2972A59-15F3-4F2E-BA8C-D9588E7428F0}.AppStore|iPhone.ActiveCfg = Release|Any CPU
		{B2972A59-15F3-4F2E-BA8C-D9588E7428F0}.AppStore|iPhone.Build.0 = Release|Any CPU
		{B2972A59-15F3-4F2E-BA8C-D9588E7428F0}.AppStore|iPhoneSimulator.ActiveCfg = Release|Any CPU
		{B2972A59-15F3-4F2E-BA8C-D9588E7428F0}.AppStore|iPhoneSimulator.Build.0 = Release|Any CPU
		{B2972A59-15F3-4F2E-BA8C-D9588E7428F0}.AppStore|x64.ActiveCfg = Release|Any CPU
		{B2972A59-15F3-4F2E-BA8C-D9588E7428F0}.AppStore|x64.Build.0 = Release|Any CPU
		{B2972A59-15F3-4F2E-BA8C-D9588E7428F0}.AppStore|x86.ActiveCfg = Release|Any CPU
		{B2972A59-15F3-4F2E-BA8C-D9588E7428F0}.AppStore|x86.Build.0 = Release|Any CPU
		{B2972A59-15F3-4F2E-BA8C-D9588E7428F0}.Debug|Any CPU.ActiveCfg = Debug|Any CPU
		{B2972A59-15F3-4F2E-BA8C-D9588E7428F0}.Debug|Any CPU.Build.0 = Debug|Any CPU
		{B2972A59-15F3-4F2E-BA8C-D9588E7428F0}.Debug|ARM.ActiveCfg = Debug|Any CPU
		{B2972A59-15F3-4F2E-BA8C-D9588E7428F0}.Debug|ARM.Build.0 = Debug|Any CPU
		{B2972A59-15F3-4F2E-BA8C-D9588E7428F0}.Debug|iPhone.ActiveCfg = Debug|Any CPU
		{B2972A59-15F3-4F2E-BA8C-D9588E7428F0}.Debug|iPhone.Build.0 = Debug|Any CPU
		{B2972A59-15F3-4F2E-BA8C-D9588E7428F0}.Debug|iPhoneSimulator.ActiveCfg = Debug|Any CPU
		{B2972A59-15F3-4F2E-BA8C-D9588E7428F0}.Debug|iPhoneSimulator.Build.0 = Debug|Any CPU
		{B2972A59-15F3-4F2E-BA8C-D9588E7428F0}.Debug|x64.ActiveCfg = Debug|Any CPU
		{B2972A59-15F3-4F2E-BA8C-D9588E7428F0}.Debug|x64.Build.0 = Debug|Any CPU
		{B2972A59-15F3-4F2E-BA8C-D9588E7428F0}.Debug|x86.ActiveCfg = Debug|Any CPU
		{B2972A59-15F3-4F2E-BA8C-D9588E7428F0}.Debug|x86.Build.0 = Debug|Any CPU
		{B2972A59-15F3-4F2E-BA8C-D9588E7428F0}.Release|Any CPU.ActiveCfg = Release|Any CPU
		{B2972A59-15F3-4F2E-BA8C-D9588E7428F0}.Release|Any CPU.Build.0 = Release|Any CPU
		{B2972A59-15F3-4F2E-BA8C-D9588E7428F0}.Release|ARM.ActiveCfg = Release|Any CPU
		{B2972A59-15F3-4F2E-BA8C-D9588E7428F0}.Release|ARM.Build.0 = Release|Any CPU
		{B2972A59-15F3-4F2E-BA8C-D9588E7428F0}.Release|iPhone.ActiveCfg = Release|Any CPU
		{B2972A59-15F3-4F2E-BA8C-D9588E7428F0}.Release|iPhone.Build.0 = Release|Any CPU
		{B2972A59-15F3-4F2E-BA8C-D9588E7428F0}.Release|iPhoneSimulator.ActiveCfg = Release|Any CPU
		{B2972A59-15F3-4F2E-BA8C-D9588E7428F0}.Release|iPhoneSimulator.Build.0 = Release|Any CPU
		{B2972A59-15F3-4F2E-BA8C-D9588E7428F0}.Release|x64.ActiveCfg = Release|Any CPU
		{B2972A59-15F3-4F2E-BA8C-D9588E7428F0}.Release|x64.Build.0 = Release|Any CPU
		{B2972A59-15F3-4F2E-BA8C-D9588E7428F0}.Release|x86.ActiveCfg = Release|Any CPU
		{B2972A59-15F3-4F2E-BA8C-D9588E7428F0}.Release|x86.Build.0 = Release|Any CPU
		{9B5BD666-E5EE-469B-9250-D68B553AABDE}.Ad-Hoc|Any CPU.ActiveCfg = Release|Any CPU
		{9B5BD666-E5EE-469B-9250-D68B553AABDE}.Ad-Hoc|Any CPU.Build.0 = Release|Any CPU
		{9B5BD666-E5EE-469B-9250-D68B553AABDE}.Ad-Hoc|ARM.ActiveCfg = Release|Any CPU
		{9B5BD666-E5EE-469B-9250-D68B553AABDE}.Ad-Hoc|ARM.Build.0 = Release|Any CPU
		{9B5BD666-E5EE-469B-9250-D68B553AABDE}.Ad-Hoc|iPhone.ActiveCfg = Release|Any CPU
		{9B5BD666-E5EE-469B-9250-D68B553AABDE}.Ad-Hoc|iPhone.Build.0 = Release|Any CPU
		{9B5BD666-E5EE-469B-9250-D68B553AABDE}.Ad-Hoc|iPhoneSimulator.ActiveCfg = Release|Any CPU
		{9B5BD666-E5EE-469B-9250-D68B553AABDE}.Ad-Hoc|iPhoneSimulator.Build.0 = Release|Any CPU
		{9B5BD666-E5EE-469B-9250-D68B553AABDE}.Ad-Hoc|x64.ActiveCfg = Release|Any CPU
		{9B5BD666-E5EE-469B-9250-D68B553AABDE}.Ad-Hoc|x64.Build.0 = Release|Any CPU
		{9B5BD666-E5EE-469B-9250-D68B553AABDE}.Ad-Hoc|x86.ActiveCfg = Release|Any CPU
		{9B5BD666-E5EE-469B-9250-D68B553AABDE}.Ad-Hoc|x86.Build.0 = Release|Any CPU
		{9B5BD666-E5EE-469B-9250-D68B553AABDE}.AppStore|Any CPU.ActiveCfg = Release|Any CPU
		{9B5BD666-E5EE-469B-9250-D68B553AABDE}.AppStore|Any CPU.Build.0 = Release|Any CPU
		{9B5BD666-E5EE-469B-9250-D68B553AABDE}.AppStore|ARM.ActiveCfg = Release|Any CPU
		{9B5BD666-E5EE-469B-9250-D68B553AABDE}.AppStore|ARM.Build.0 = Release|Any CPU
		{9B5BD666-E5EE-469B-9250-D68B553AABDE}.AppStore|iPhone.ActiveCfg = Release|Any CPU
		{9B5BD666-E5EE-469B-9250-D68B553AABDE}.AppStore|iPhone.Build.0 = Release|Any CPU
		{9B5BD666-E5EE-469B-9250-D68B553AABDE}.AppStore|iPhoneSimulator.ActiveCfg = Release|Any CPU
		{9B5BD666-E5EE-469B-9250-D68B553AABDE}.AppStore|iPhoneSimulator.Build.0 = Release|Any CPU
		{9B5BD666-E5EE-469B-9250-D68B553AABDE}.AppStore|x64.ActiveCfg = Release|Any CPU
		{9B5BD666-E5EE-469B-9250-D68B553AABDE}.AppStore|x64.Build.0 = Release|Any CPU
		{9B5BD666-E5EE-469B-9250-D68B553AABDE}.AppStore|x86.ActiveCfg = Release|Any CPU
		{9B5BD666-E5EE-469B-9250-D68B553AABDE}.AppStore|x86.Build.0 = Release|Any CPU
		{9B5BD666-E5EE-469B-9250-D68B553AABDE}.Debug|Any CPU.ActiveCfg = Debug|Any CPU
		{9B5BD666-E5EE-469B-9250-D68B553AABDE}.Debug|Any CPU.Build.0 = Debug|Any CPU
		{9B5BD666-E5EE-469B-9250-D68B553AABDE}.Debug|ARM.ActiveCfg = Debug|Any CPU
		{9B5BD666-E5EE-469B-9250-D68B553AABDE}.Debug|ARM.Build.0 = Debug|Any CPU
		{9B5BD666-E5EE-469B-9250-D68B553AABDE}.Debug|iPhone.ActiveCfg = Debug|Any CPU
		{9B5BD666-E5EE-469B-9250-D68B553AABDE}.Debug|iPhone.Build.0 = Debug|Any CPU
		{9B5BD666-E5EE-469B-9250-D68B553AABDE}.Debug|iPhoneSimulator.ActiveCfg = Debug|Any CPU
		{9B5BD666-E5EE-469B-9250-D68B553AABDE}.Debug|iPhoneSimulator.Build.0 = Debug|Any CPU
		{9B5BD666-E5EE-469B-9250-D68B553AABDE}.Debug|x64.ActiveCfg = Debug|Any CPU
		{9B5BD666-E5EE-469B-9250-D68B553AABDE}.Debug|x64.Build.0 = Debug|Any CPU
		{9B5BD666-E5EE-469B-9250-D68B553AABDE}.Debug|x86.ActiveCfg = Debug|Any CPU
		{9B5BD666-E5EE-469B-9250-D68B553AABDE}.Debug|x86.Build.0 = Debug|Any CPU
		{9B5BD666-E5EE-469B-9250-D68B553AABDE}.Release|Any CPU.ActiveCfg = Release|Any CPU
		{9B5BD666-E5EE-469B-9250-D68B553AABDE}.Release|Any CPU.Build.0 = Release|Any CPU
		{9B5BD666-E5EE-469B-9250-D68B553AABDE}.Release|ARM.ActiveCfg = Release|Any CPU
		{9B5BD666-E5EE-469B-9250-D68B553AABDE}.Release|ARM.Build.0 = Release|Any CPU
		{9B5BD666-E5EE-469B-9250-D68B553AABDE}.Release|iPhone.ActiveCfg = Release|Any CPU
		{9B5BD666-E5EE-469B-9250-D68B553AABDE}.Release|iPhone.Build.0 = Release|Any CPU
		{9B5BD666-E5EE-469B-9250-D68B553AABDE}.Release|iPhoneSimulator.ActiveCfg = Release|Any CPU
		{9B5BD666-E5EE-469B-9250-D68B553AABDE}.Release|iPhoneSimulator.Build.0 = Release|Any CPU
		{9B5BD666-E5EE-469B-9250-D68B553AABDE}.Release|x64.ActiveCfg = Release|Any CPU
		{9B5BD666-E5EE-469B-9250-D68B553AABDE}.Release|x64.Build.0 = Release|Any CPU
		{9B5BD666-E5EE-469B-9250-D68B553AABDE}.Release|x86.ActiveCfg = Release|Any CPU
		{9B5BD666-E5EE-469B-9250-D68B553AABDE}.Release|x86.Build.0 = Release|Any CPU
	EndGlobalSection
	GlobalSection(SolutionProperties) = preSolution
		HideSolutionNode = FALSE
	EndGlobalSection
	GlobalSection(ExtensibilityGlobals) = postSolution
		SolutionGuid = {F6D05029-56B8-4E45-AF2D-0E76295DDBA2}
	EndGlobalSection
	GlobalSection(NestedProjects) = preSolution
		{DB458B4E-8F03-442D-B65A-15A003488607} = {A734C80C-5CAF-4F31-BEEB-890CB9B81B43}
		{B2972A59-15F3-4F2E-BA8C-D9588E7428F0} = {A734C80C-5CAF-4F31-BEEB-890CB9B81B43}
		{9B5BD666-E5EE-469B-9250-D68B553AABDE} = {A734C80C-5CAF-4F31-BEEB-890CB9B81B43}
	EndGlobalSection
EndGlobal
