
Microsoft Visual Studio Solution File, Format Version 12.00
# Visual Studio 15
VisualStudioVersion = 15.0.27130.2027
MinimumVisualStudioVersion = 10.0.40219.1
Project("{2150E333-8FDC-42A3-9474-1A3956D46DE8}") = "Library", "Library", "{D0576A38-5503-4E1C-9E71-5DD15B683414}"
EndProject
Project("{9A19103F-16F7-4668-BE54-9A1E7A4F7556}") = "PlatformTabbedPage", "..\PlatformTabbedPage\PlatformTabbedPage.csproj", "{A99FEEE6-582F-4005-90F7-DC4B96228344}"
EndProject
Project("{FAE04EC0-301F-11D3-BF4B-00C04F79EFBC}") = "PlatformTabbedPage.Droid", "..\PlatformTabbedPage.Droid\PlatformTabbedPage.Droid.csproj", "{9B5BD666-E5EE-469B-9250-D68B553AABDE}"
EndProject
Project("{FAE04EC0-301F-11D3-BF4B-00C04F79EFBC}") = "PlatformTabbedPage.iOS", "..\PlatformTabbedPage.iOS\PlatformTabbedPage.iOS.csproj", "{B2972A59-15F3-4F2E-BA8C-D9588E7428F0}"
EndProject
Project("{2150E333-8FDC-42A3-9474-1A3956D46DE8}") = "Local", "Local", "{74E76450-2A19-4344-9E65-EC4A1E131783}"
EndProject
Project("{2150E333-8FDC-42A3-9474-1A3956D46DE8}") = "NuGet", "NuGet", "{CE225C89-0583-442E-9FF5-40914426E8B7}"
EndProject
Project("{FAE04EC0-301F-11D3-BF4B-00C04F79EFBC}") = "SampleLocalApp.Android", "SampleLocalApp\SampleLocalApp.Android\SampleLocalApp.Android.csproj", "{3AD5F81C-103F-4929-B0BF-0461E4620449}"
EndProject
Project("{FAE04EC0-301F-11D3-BF4B-00C04F79EFBC}") = "SampleLocalApp.iOS", "SampleLocalApp\SampleLocalApp.iOS\SampleLocalApp.iOS.csproj", "{D0669584-F59F-407A-8FD3-0D7E289FBA6A}"
EndProject
Project("{9A19103F-16F7-4668-BE54-9A1E7A4F7556}") = "SampleLocalApp", "SampleLocalApp\SampleLocalApp\SampleLocalApp.csproj", "{C02BEEA2-DB7F-4C7D-9CB8-110DD417CDA4}"
EndProject
Project("{FAE04EC0-301F-11D3-BF4B-00C04F79EFBC}") = "SampleNuGetApp.Android", "SampleNuGetApp\SampleNuGetApp.Android\SampleNuGetApp.Android.csproj", "{BE2E373D-9314-412D-9865-92103B9C5CB4}"
EndProject
Project("{FAE04EC0-301F-11D3-BF4B-00C04F79EFBC}") = "SampleNuGetApp.iOS", "SampleNuGetApp\SampleNuGetApp.iOS\SampleNuGetApp.iOS.csproj", "{9E509B13-36FC-4F08-A8FB-30DE01631E2A}"
EndProject
Project("{FAE04EC0-301F-11D3-BF4B-00C04F79EFBC}") = "SampleNuGetApp", "SampleNuGetApp\SampleNuGetApp\SampleNuGetApp.csproj", "{81A37093-EEB6-4B31-A057-F45A7CBA9EF6}"
EndProject
Global
	GlobalSection(SolutionConfigurationPlatforms) = preSolution
		Ad-Hoc|Any CPU = Ad-Hoc|Any CPU
		Ad-Hoc|ARM = Ad-Hoc|ARM
		Ad-Hoc|iPhone = Ad-Hoc|iPhone
		Ad-Hoc|iPhoneSimulator = Ad-Hoc|iPhoneSimulator
		Ad-Hoc|x64 = Ad-Hoc|x64
		Ad-Hoc|x86 = Ad-Hoc|x86
		AppStore|Any CPU = AppStore|Any CPU
		AppStore|ARM = AppStore|ARM
		AppStore|iPhone = AppStore|iPhone
		AppStore|iPhoneSimulator = AppStore|iPhoneSimulator
		AppStore|x64 = AppStore|x64
		AppStore|x86 = AppStore|x86
		Debug|Any CPU = Debug|Any CPU
		Debug|ARM = Debug|ARM
		Debug|iPhone = Debug|iPhone
		Debug|iPhoneSimulator = Debug|iPhoneSimulator
		Debug|x64 = Debug|x64
		Debug|x86 = Debug|x86
		Release|Any CPU = Release|Any CPU
		Release|ARM = Release|ARM
		Release|iPhone = Release|iPhone
		Release|iPhoneSimulator = Release|iPhoneSimulator
		Release|x64 = Release|x64
		Release|x86 = Release|x86
	EndGlobalSection
	GlobalSection(ProjectConfigurationPlatforms) = postSolution
		{A99FEEE6-582F-4005-90F7-DC4B96228344}.Ad-Hoc|Any CPU.ActiveCfg = Debug|Any CPU
		{A99FEEE6-582F-4005-90F7-DC4B96228344}.Ad-Hoc|Any CPU.Build.0 = Debug|Any CPU
		{A99FEEE6-582F-4005-90F7-DC4B96228344}.Ad-Hoc|ARM.ActiveCfg = Debug|Any CPU
		{A99FEEE6-582F-4005-90F7-DC4B96228344}.Ad-Hoc|ARM.Build.0 = Debug|Any CPU
		{A99FEEE6-582F-4005-90F7-DC4B96228344}.Ad-Hoc|iPhone.ActiveCfg = Debug|Any CPU
		{A99FEEE6-582F-4005-90F7-DC4B96228344}.Ad-Hoc|iPhone.Build.0 = Debug|Any CPU
		{A99FEEE6-582F-4005-90F7-DC4B96228344}.Ad-Hoc|iPhoneSimulator.ActiveCfg = Debug|Any CPU
		{A99FEEE6-582F-4005-90F7-DC4B96228344}.Ad-Hoc|iPhoneSimulator.Build.0 = Debug|Any CPU
		{A99FEEE6-582F-4005-90F7-DC4B96228344}.Ad-Hoc|x64.ActiveCfg = Debug|Any CPU
		{A99FEEE6-582F-4005-90F7-DC4B96228344}.Ad-Hoc|x64.Build.0 = Debug|Any CPU
		{A99FEEE6-582F-4005-90F7-DC4B96228344}.Ad-Hoc|x86.ActiveCfg = Debug|Any CPU
		{A99FEEE6-582F-4005-90F7-DC4B96228344}.Ad-Hoc|x86.Build.0 = Debug|Any CPU
		{A99FEEE6-582F-4005-90F7-DC4B96228344}.AppStore|Any CPU.ActiveCfg = Debug|Any CPU
		{A99FEEE6-582F-4005-90F7-DC4B96228344}.AppStore|Any CPU.Build.0 = Debug|Any CPU
		{A99FEEE6-582F-4005-90F7-DC4B96228344}.AppStore|ARM.ActiveCfg = Debug|Any CPU
		{A99FEEE6-582F-4005-90F7-DC4B96228344}.AppStore|ARM.Build.0 = Debug|Any CPU
		{A99FEEE6-582F-4005-90F7-DC4B96228344}.AppStore|iPhone.ActiveCfg = Debug|Any CPU
		{A99FEEE6-582F-4005-90F7-DC4B96228344}.AppStore|iPhone.Build.0 = Debug|Any CPU
		{A99FEEE6-582F-4005-90F7-DC4B96228344}.AppStore|iPhoneSimulator.ActiveCfg = Debug|Any CPU
		{A99FEEE6-582F-4005-90F7-DC4B96228344}.AppStore|iPhoneSimulator.Build.0 = Debug|Any CPU
		{A99FEEE6-582F-4005-90F7-DC4B96228344}.AppStore|x64.ActiveCfg = Debug|Any CPU
		{A99FEEE6-582F-4005-90F7-DC4B96228344}.AppStore|x64.Build.0 = Debug|Any CPU
		{A99FEEE6-582F-4005-90F7-DC4B96228344}.AppStore|x86.ActiveCfg = Debug|Any CPU
		{A99FEEE6-582F-4005-90F7-DC4B96228344}.AppStore|x86.Build.0 = Debug|Any CPU
		{A99FEEE6-582F-4005-90F7-DC4B96228344}.Debug|Any CPU.ActiveCfg = Debug|Any CPU
		{A99FEEE6-582F-4005-90F7-DC4B96228344}.Debug|Any CPU.Build.0 = Debug|Any CPU
		{A99FEEE6-582F-4005-90F7-DC4B96228344}.Debug|ARM.ActiveCfg = Debug|Any CPU
		{A99FEEE6-582F-4005-90F7-DC4B96228344}.Debug|ARM.Build.0 = Debug|Any CPU
		{A99FEEE6-582F-4005-90F7-DC4B96228344}.Debug|iPhone.ActiveCfg = Debug|Any CPU
		{A99FEEE6-582F-4005-90F7-DC4B96228344}.Debug|iPhone.Build.0 = Debug|Any CPU
		{A99FEEE6-582F-4005-90F7-DC4B96228344}.Debug|iPhoneSimulator.ActiveCfg = Debug|Any CPU
		{A99FEEE6-582F-4005-90F7-DC4B96228344}.Debug|iPhoneSimulator.Build.0 = Debug|Any CPU
		{A99FEEE6-582F-4005-90F7-DC4B96228344}.Debug|x64.ActiveCfg = Debug|Any CPU
		{A99FEEE6-582F-4005-90F7-DC4B96228344}.Debug|x64.Build.0 = Debug|Any CPU
		{A99FEEE6-582F-4005-90F7-DC4B96228344}.Debug|x86.ActiveCfg = Debug|Any CPU
		{A99FEEE6-582F-4005-90F7-DC4B96228344}.Debug|x86.Build.0 = Debug|Any CPU
		{A99FEEE6-582F-4005-90F7-DC4B96228344}.Release|Any CPU.ActiveCfg = Release|Any CPU
		{A99FEEE6-582F-4005-90F7-DC4B96228344}.Release|Any CPU.Build.0 = Release|Any CPU
		{A99FEEE6-582F-4005-90F7-DC4B96228344}.Release|ARM.ActiveCfg = Release|Any CPU
		{A99FEEE6-582F-4005-90F7-DC4B96228344}.Release|ARM.Build.0 = Release|Any CPU
		{A99FEEE6-582F-4005-90F7-DC4B96228344}.Release|iPhone.ActiveCfg = Release|Any CPU
		{A99FEEE6-582F-4005-90F7-DC4B96228344}.Release|iPhone.Build.0 = Release|Any CPU
		{A99FEEE6-582F-4005-90F7-DC4B96228344}.Release|iPhoneSimulator.ActiveCfg = Release|Any CPU
		{A99FEEE6-582F-4005-90F7-DC4B96228344}.Release|iPhoneSimulator.Build.0 = Release|Any CPU
		{A99FEEE6-582F-4005-90F7-DC4B96228344}.Release|x64.ActiveCfg = Release|Any CPU
		{A99FEEE6-582F-4005-90F7-DC4B96228344}.Release|x64.Build.0 = Release|Any CPU
		{A99FEEE6-582F-4005-90F7-DC4B96228344}.Release|x86.ActiveCfg = Release|Any CPU
		{A99FEEE6-582F-4005-90F7-DC4B96228344}.Release|x86.Build.0 = Release|Any CPU
		{9B5BD666-E5EE-469B-9250-D68B553AABDE}.Ad-Hoc|Any CPU.ActiveCfg = Release|Any CPU
		{9B5BD666-E5EE-469B-9250-D68B553AABDE}.Ad-Hoc|Any CPU.Build.0 = Release|Any CPU
		{9B5BD666-E5EE-469B-9250-D68B553AABDE}.Ad-Hoc|ARM.ActiveCfg = Release|Any CPU
		{9B5BD666-E5EE-469B-9250-D68B553AABDE}.Ad-Hoc|ARM.Build.0 = Release|Any CPU
		{9B5BD666-E5EE-469B-9250-D68B553AABDE}.Ad-Hoc|iPhone.ActiveCfg = Release|Any CPU
		{9B5BD666-E5EE-469B-9250-D68B553AABDE}.Ad-Hoc|iPhone.Build.0 = Release|Any CPU
		{9B5BD666-E5EE-469B-9250-D68B553AABDE}.Ad-Hoc|iPhoneSimulator.ActiveCfg = Release|Any CPU
		{9B5BD666-E5EE-469B-9250-D68B553AABDE}.Ad-Hoc|iPhoneSimulator.Build.0 = Release|Any CPU
		{9B5BD666-E5EE-469B-9250-D68B553AABDE}.Ad-Hoc|x64.ActiveCfg = Release|Any CPU
		{9B5BD666-E5EE-469B-9250-D68B553AABDE}.Ad-Hoc|x64.Build.0 = Release|Any CPU
		{9B5BD666-E5EE-469B-9250-D68B553AABDE}.Ad-Hoc|x86.ActiveCfg = Release|Any CPU
		{9B5BD666-E5EE-469B-9250-D68B553AABDE}.Ad-Hoc|x86.Build.0 = Release|Any CPU
		{9B5BD666-E5EE-469B-9250-D68B553AABDE}.AppStore|Any CPU.ActiveCfg = Release|Any CPU
		{9B5BD666-E5EE-469B-9250-D68B553AABDE}.AppStore|Any CPU.Build.0 = Release|Any CPU
		{9B5BD666-E5EE-469B-9250-D68B553AABDE}.AppStore|ARM.ActiveCfg = Release|Any CPU
		{9B5BD666-E5EE-469B-9250-D68B553AABDE}.AppStore|ARM.Build.0 = Release|Any CPU
		{9B5BD666-E5EE-469B-9250-D68B553AABDE}.AppStore|iPhone.ActiveCfg = Release|Any CPU
		{9B5BD666-E5EE-469B-9250-D68B553AABDE}.AppStore|iPhone.Build.0 = Release|Any CPU
		{9B5BD666-E5EE-469B-9250-D68B553AABDE}.AppStore|iPhoneSimulator.ActiveCfg = Release|Any CPU
		{9B5BD666-E5EE-469B-9250-D68B553AABDE}.AppStore|iPhoneSimulator.Build.0 = Release|Any CPU
		{9B5BD666-E5EE-469B-9250-D68B553AABDE}.AppStore|x64.ActiveCfg = Release|Any CPU
		{9B5BD666-E5EE-469B-9250-D68B553AABDE}.AppStore|x64.Build.0 = Release|Any CPU
		{9B5BD666-E5EE-469B-9250-D68B553AABDE}.AppStore|x86.ActiveCfg = Release|Any CPU
		{9B5BD666-E5EE-469B-9250-D68B553AABDE}.AppStore|x86.Build.0 = Release|Any CPU
		{9B5BD666-E5EE-469B-9250-D68B553AABDE}.Debug|Any CPU.ActiveCfg = Debug|Any CPU
		{9B5BD666-E5EE-469B-9250-D68B553AABDE}.Debug|Any CPU.Build.0 = Debug|Any CPU
		{9B5BD666-E5EE-469B-9250-D68B553AABDE}.Debug|ARM.ActiveCfg = Debug|Any CPU
		{9B5BD666-E5EE-469B-9250-D68B553AABDE}.Debug|ARM.Build.0 = Debug|Any CPU
		{9B5BD666-E5EE-469B-9250-D68B553AABDE}.Debug|iPhone.ActiveCfg = Debug|Any CPU
		{9B5BD666-E5EE-469B-9250-D68B553AABDE}.Debug|iPhone.Build.0 = Debug|Any CPU
		{9B5BD666-E5EE-469B-9250-D68B553AABDE}.Debug|iPhoneSimulator.ActiveCfg = Debug|Any CPU
		{9B5BD666-E5EE-469B-9250-D68B553AABDE}.Debug|iPhoneSimulator.Build.0 = Debug|Any CPU
		{9B5BD666-E5EE-469B-9250-D68B553AABDE}.Debug|x64.ActiveCfg = Debug|Any CPU
		{9B5BD666-E5EE-469B-9250-D68B553AABDE}.Debug|x64.Build.0 = Debug|Any CPU
		{9B5BD666-E5EE-469B-9250-D68B553AABDE}.Debug|x86.ActiveCfg = Debug|Any CPU
		{9B5BD666-E5EE-469B-9250-D68B553AABDE}.Debug|x86.Build.0 = Debug|Any CPU
		{9B5BD666-E5EE-469B-9250-D68B553AABDE}.Release|Any CPU.ActiveCfg = Release|Any CPU
		{9B5BD666-E5EE-469B-9250-D68B553AABDE}.Release|Any CPU.Build.0 = Release|Any CPU
		{9B5BD666-E5EE-469B-9250-D68B553AABDE}.Release|ARM.ActiveCfg = Release|Any CPU
		{9B5BD666-E5EE-469B-9250-D68B553AABDE}.Release|ARM.Build.0 = Release|Any CPU
		{9B5BD666-E5EE-469B-9250-D68B553AABDE}.Release|iPhone.ActiveCfg = Release|Any CPU
		{9B5BD666-E5EE-469B-9250-D68B553AABDE}.Release|iPhone.Build.0 = Release|Any CPU
		{9B5BD666-E5EE-469B-9250-D68B553AABDE}.Release|iPhoneSimulator.ActiveCfg = Release|Any CPU
		{9B5BD666-E5EE-469B-9250-D68B553AABDE}.Release|iPhoneSimulator.Build.0 = Release|Any CPU
		{9B5BD666-E5EE-469B-9250-D68B553AABDE}.Release|x64.ActiveCfg = Release|Any CPU
		{9B5BD666-E5EE-469B-9250-D68B553AABDE}.Release|x64.Build.0 = Release|Any CPU
		{9B5BD666-E5EE-469B-9250-D68B553AABDE}.Release|x86.ActiveCfg = Release|Any CPU
		{9B5BD666-E5EE-469B-9250-D68B553AABDE}.Release|x86.Build.0 = Release|Any CPU
		{B2972A59-15F3-4F2E-BA8C-D9588E7428F0}.Ad-Hoc|Any CPU.ActiveCfg = Release|Any CPU
		{B2972A59-15F3-4F2E-BA8C-D9588E7428F0}.Ad-Hoc|Any CPU.Build.0 = Release|Any CPU
		{B2972A59-15F3-4F2E-BA8C-D9588E7428F0}.Ad-Hoc|ARM.ActiveCfg = Release|Any CPU
		{B2972A59-15F3-4F2E-BA8C-D9588E7428F0}.Ad-Hoc|ARM.Build.0 = Release|Any CPU
		{B2972A59-15F3-4F2E-BA8C-D9588E7428F0}.Ad-Hoc|iPhone.ActiveCfg = Release|Any CPU
		{B2972A59-15F3-4F2E-BA8C-D9588E7428F0}.Ad-Hoc|iPhone.Build.0 = Release|Any CPU
		{B2972A59-15F3-4F2E-BA8C-D9588E7428F0}.Ad-Hoc|iPhoneSimulator.ActiveCfg = Release|Any CPU
		{B2972A59-15F3-4F2E-BA8C-D9588E7428F0}.Ad-Hoc|iPhoneSimulator.Build.0 = Release|Any CPU
		{B2972A59-15F3-4F2E-BA8C-D9588E7428F0}.Ad-Hoc|x64.ActiveCfg = Release|Any CPU
		{B2972A59-15F3-4F2E-BA8C-D9588E7428F0}.Ad-Hoc|x64.Build.0 = Release|Any CPU
		{B2972A59-15F3-4F2E-BA8C-D9588E7428F0}.Ad-Hoc|x86.ActiveCfg = Release|Any CPU
		{B2972A59-15F3-4F2E-BA8C-D9588E7428F0}.Ad-Hoc|x86.Build.0 = Release|Any CPU
		{B2972A59-15F3-4F2E-BA8C-D9588E7428F0}.AppStore|Any CPU.ActiveCfg = Release|Any CPU
		{B2972A59-15F3-4F2E-BA8C-D9588E7428F0}.AppStore|Any CPU.Build.0 = Release|Any CPU
		{B2972A59-15F3-4F2E-BA8C-D9588E7428F0}.AppStore|ARM.ActiveCfg = Release|Any CPU
		{B2972A59-15F3-4F2E-BA8C-D9588E7428F0}.AppStore|ARM.Build.0 = Release|Any CPU
		{B2972A59-15F3-4F2E-BA8C-D9588E7428F0}.AppStore|iPhone.ActiveCfg = Release|Any CPU
		{B2972A59-15F3-4F2E-BA8C-D9588E7428F0}.AppStore|iPhone.Build.0 = Release|Any CPU
		{B2972A59-15F3-4F2E-BA8C-D9588E7428F0}.AppStore|iPhoneSimulator.ActiveCfg = Release|Any CPU
		{B2972A59-15F3-4F2E-BA8C-D9588E7428F0}.AppStore|iPhoneSimulator.Build.0 = Release|Any CPU
		{B2972A59-15F3-4F2E-BA8C-D9588E7428F0}.AppStore|x64.ActiveCfg = Release|Any CPU
		{B2972A59-15F3-4F2E-BA8C-D9588E7428F0}.AppStore|x64.Build.0 = Release|Any CPU
		{B2972A59-15F3-4F2E-BA8C-D9588E7428F0}.AppStore|x86.ActiveCfg = Release|Any CPU
		{B2972A59-15F3-4F2E-BA8C-D9588E7428F0}.AppStore|x86.Build.0 = Release|Any CPU
		{B2972A59-15F3-4F2E-BA8C-D9588E7428F0}.Debug|Any CPU.ActiveCfg = Debug|Any CPU
		{B2972A59-15F3-4F2E-BA8C-D9588E7428F0}.Debug|Any CPU.Build.0 = Debug|Any CPU
		{B2972A59-15F3-4F2E-BA8C-D9588E7428F0}.Debug|ARM.ActiveCfg = Debug|Any CPU
		{B2972A59-15F3-4F2E-BA8C-D9588E7428F0}.Debug|ARM.Build.0 = Debug|Any CPU
		{B2972A59-15F3-4F2E-BA8C-D9588E7428F0}.Debug|iPhone.ActiveCfg = Debug|Any CPU
		{B2972A59-15F3-4F2E-BA8C-D9588E7428F0}.Debug|iPhone.Build.0 = Debug|Any CPU
		{B2972A59-15F3-4F2E-BA8C-D9588E7428F0}.Debug|iPhoneSimulator.ActiveCfg = Debug|Any CPU
		{B2972A59-15F3-4F2E-BA8C-D9588E7428F0}.Debug|iPhoneSimulator.Build.0 = Debug|Any CPU
		{B2972A59-15F3-4F2E-BA8C-D9588E7428F0}.Debug|x64.ActiveCfg = Debug|Any CPU
		{B2972A59-15F3-4F2E-BA8C-D9588E7428F0}.Debug|x64.Build.0 = Debug|Any CPU
		{B2972A59-15F3-4F2E-BA8C-D9588E7428F0}.Debug|x86.ActiveCfg = Debug|Any CPU
		{B2972A59-15F3-4F2E-BA8C-D9588E7428F0}.Debug|x86.Build.0 = Debug|Any CPU
		{B2972A59-15F3-4F2E-BA8C-D9588E7428F0}.Release|Any CPU.ActiveCfg = Release|Any CPU
		{B2972A59-15F3-4F2E-BA8C-D9588E7428F0}.Release|Any CPU.Build.0 = Release|Any CPU
		{B2972A59-15F3-4F2E-BA8C-D9588E7428F0}.Release|ARM.ActiveCfg = Release|Any CPU
		{B2972A59-15F3-4F2E-BA8C-D9588E7428F0}.Release|ARM.Build.0 = Release|Any CPU
		{B2972A59-15F3-4F2E-BA8C-D9588E7428F0}.Release|iPhone.ActiveCfg = Release|Any CPU
		{B2972A59-15F3-4F2E-BA8C-D9588E7428F0}.Release|iPhone.Build.0 = Release|Any CPU
		{B2972A59-15F3-4F2E-BA8C-D9588E7428F0}.Release|iPhoneSimulator.ActiveCfg = Release|Any CPU
		{B2972A59-15F3-4F2E-BA8C-D9588E7428F0}.Release|iPhoneSimulator.Build.0 = Release|Any CPU
		{B2972A59-15F3-4F2E-BA8C-D9588E7428F0}.Release|x64.ActiveCfg = Release|Any CPU
		{B2972A59-15F3-4F2E-BA8C-D9588E7428F0}.Release|x64.Build.0 = Release|Any CPU
		{B2972A59-15F3-4F2E-BA8C-D9588E7428F0}.Release|x86.ActiveCfg = Release|Any CPU
		{B2972A59-15F3-4F2E-BA8C-D9588E7428F0}.Release|x86.Build.0 = Release|Any CPU
		{3AD5F81C-103F-4929-B0BF-0461E4620449}.Ad-Hoc|Any CPU.ActiveCfg = Release|Any CPU
		{3AD5F81C-103F-4929-B0BF-0461E4620449}.Ad-Hoc|Any CPU.Build.0 = Release|Any CPU
		{3AD5F81C-103F-4929-B0BF-0461E4620449}.Ad-Hoc|Any CPU.Deploy.0 = Release|Any CPU
		{3AD5F81C-103F-4929-B0BF-0461E4620449}.Ad-Hoc|ARM.ActiveCfg = Release|Any CPU
		{3AD5F81C-103F-4929-B0BF-0461E4620449}.Ad-Hoc|ARM.Build.0 = Release|Any CPU
		{3AD5F81C-103F-4929-B0BF-0461E4620449}.Ad-Hoc|ARM.Deploy.0 = Release|Any CPU
		{3AD5F81C-103F-4929-B0BF-0461E4620449}.Ad-Hoc|iPhone.ActiveCfg = Release|Any CPU
		{3AD5F81C-103F-4929-B0BF-0461E4620449}.Ad-Hoc|iPhone.Build.0 = Release|Any CPU
		{3AD5F81C-103F-4929-B0BF-0461E4620449}.Ad-Hoc|iPhone.Deploy.0 = Release|Any CPU
		{3AD5F81C-103F-4929-B0BF-0461E4620449}.Ad-Hoc|iPhoneSimulator.ActiveCfg = Release|Any CPU
		{3AD5F81C-103F-4929-B0BF-0461E4620449}.Ad-Hoc|iPhoneSimulator.Build.0 = Release|Any CPU
		{3AD5F81C-103F-4929-B0BF-0461E4620449}.Ad-Hoc|iPhoneSimulator.Deploy.0 = Release|Any CPU
		{3AD5F81C-103F-4929-B0BF-0461E4620449}.Ad-Hoc|x64.ActiveCfg = Release|Any CPU
		{3AD5F81C-103F-4929-B0BF-0461E4620449}.Ad-Hoc|x64.Build.0 = Release|Any CPU
		{3AD5F81C-103F-4929-B0BF-0461E4620449}.Ad-Hoc|x64.Deploy.0 = Release|Any CPU
		{3AD5F81C-103F-4929-B0BF-0461E4620449}.Ad-Hoc|x86.ActiveCfg = Release|Any CPU
		{3AD5F81C-103F-4929-B0BF-0461E4620449}.Ad-Hoc|x86.Build.0 = Release|Any CPU
		{3AD5F81C-103F-4929-B0BF-0461E4620449}.Ad-Hoc|x86.Deploy.0 = Release|Any CPU
		{3AD5F81C-103F-4929-B0BF-0461E4620449}.AppStore|Any CPU.ActiveCfg = Release|Any CPU
		{3AD5F81C-103F-4929-B0BF-0461E4620449}.AppStore|Any CPU.Build.0 = Release|Any CPU
		{3AD5F81C-103F-4929-B0BF-0461E4620449}.AppStore|Any CPU.Deploy.0 = Release|Any CPU
		{3AD5F81C-103F-4929-B0BF-0461E4620449}.AppStore|ARM.ActiveCfg = Release|Any CPU
		{3AD5F81C-103F-4929-B0BF-0461E4620449}.AppStore|ARM.Build.0 = Release|Any CPU
		{3AD5F81C-103F-4929-B0BF-0461E4620449}.AppStore|ARM.Deploy.0 = Release|Any CPU
		{3AD5F81C-103F-4929-B0BF-0461E4620449}.AppStore|iPhone.ActiveCfg = Release|Any CPU
		{3AD5F81C-103F-4929-B0BF-0461E4620449}.AppStore|iPhone.Build.0 = Release|Any CPU
		{3AD5F81C-103F-4929-B0BF-0461E4620449}.AppStore|iPhone.Deploy.0 = Release|Any CPU
		{3AD5F81C-103F-4929-B0BF-0461E4620449}.AppStore|iPhoneSimulator.ActiveCfg = Release|Any CPU
		{3AD5F81C-103F-4929-B0BF-0461E4620449}.AppStore|iPhoneSimulator.Build.0 = Release|Any CPU
		{3AD5F81C-103F-4929-B0BF-0461E4620449}.AppStore|iPhoneSimulator.Deploy.0 = Release|Any CPU
		{3AD5F81C-103F-4929-B0BF-0461E4620449}.AppStore|x64.ActiveCfg = Release|Any CPU
		{3AD5F81C-103F-4929-B0BF-0461E4620449}.AppStore|x64.Build.0 = Release|Any CPU
		{3AD5F81C-103F-4929-B0BF-0461E4620449}.AppStore|x64.Deploy.0 = Release|Any CPU
		{3AD5F81C-103F-4929-B0BF-0461E4620449}.AppStore|x86.ActiveCfg = Release|Any CPU
		{3AD5F81C-103F-4929-B0BF-0461E4620449}.AppStore|x86.Build.0 = Release|Any CPU
		{3AD5F81C-103F-4929-B0BF-0461E4620449}.AppStore|x86.Deploy.0 = Release|Any CPU
		{3AD5F81C-103F-4929-B0BF-0461E4620449}.Debug|Any CPU.ActiveCfg = Debug|Any CPU
		{3AD5F81C-103F-4929-B0BF-0461E4620449}.Debug|Any CPU.Build.0 = Debug|Any CPU
		{3AD5F81C-103F-4929-B0BF-0461E4620449}.Debug|Any CPU.Deploy.0 = Debug|Any CPU
		{3AD5F81C-103F-4929-B0BF-0461E4620449}.Debug|ARM.ActiveCfg = Debug|Any CPU
		{3AD5F81C-103F-4929-B0BF-0461E4620449}.Debug|ARM.Build.0 = Debug|Any CPU
		{3AD5F81C-103F-4929-B0BF-0461E4620449}.Debug|ARM.Deploy.0 = Debug|Any CPU
		{3AD5F81C-103F-4929-B0BF-0461E4620449}.Debug|iPhone.ActiveCfg = Debug|Any CPU
		{3AD5F81C-103F-4929-B0BF-0461E4620449}.Debug|iPhone.Build.0 = Debug|Any CPU
		{3AD5F81C-103F-4929-B0BF-0461E4620449}.Debug|iPhone.Deploy.0 = Debug|Any CPU
		{3AD5F81C-103F-4929-B0BF-0461E4620449}.Debug|iPhoneSimulator.ActiveCfg = Debug|Any CPU
		{3AD5F81C-103F-4929-B0BF-0461E4620449}.Debug|iPhoneSimulator.Build.0 = Debug|Any CPU
		{3AD5F81C-103F-4929-B0BF-0461E4620449}.Debug|iPhoneSimulator.Deploy.0 = Debug|Any CPU
		{3AD5F81C-103F-4929-B0BF-0461E4620449}.Debug|x64.ActiveCfg = Debug|Any CPU
		{3AD5F81C-103F-4929-B0BF-0461E4620449}.Debug|x64.Build.0 = Debug|Any CPU
		{3AD5F81C-103F-4929-B0BF-0461E4620449}.Debug|x64.Deploy.0 = Debug|Any CPU
		{3AD5F81C-103F-4929-B0BF-0461E4620449}.Debug|x86.ActiveCfg = Debug|Any CPU
		{3AD5F81C-103F-4929-B0BF-0461E4620449}.Debug|x86.Build.0 = Debug|Any CPU
		{3AD5F81C-103F-4929-B0BF-0461E4620449}.Debug|x86.Deploy.0 = Debug|Any CPU
		{3AD5F81C-103F-4929-B0BF-0461E4620449}.Release|Any CPU.ActiveCfg = Release|Any CPU
		{3AD5F81C-103F-4929-B0BF-0461E4620449}.Release|Any CPU.Build.0 = Release|Any CPU
		{3AD5F81C-103F-4929-B0BF-0461E4620449}.Release|Any CPU.Deploy.0 = Release|Any CPU
		{3AD5F81C-103F-4929-B0BF-0461E4620449}.Release|ARM.ActiveCfg = Release|Any CPU
		{3AD5F81C-103F-4929-B0BF-0461E4620449}.Release|ARM.Build.0 = Release|Any CPU
		{3AD5F81C-103F-4929-B0BF-0461E4620449}.Release|ARM.Deploy.0 = Release|Any CPU
		{3AD5F81C-103F-4929-B0BF-0461E4620449}.Release|iPhone.ActiveCfg = Release|Any CPU
		{3AD5F81C-103F-4929-B0BF-0461E4620449}.Release|iPhone.Build.0 = Release|Any CPU
		{3AD5F81C-103F-4929-B0BF-0461E4620449}.Release|iPhone.Deploy.0 = Release|Any CPU
		{3AD5F81C-103F-4929-B0BF-0461E4620449}.Release|iPhoneSimulator.ActiveCfg = Release|Any CPU
		{3AD5F81C-103F-4929-B0BF-0461E4620449}.Release|iPhoneSimulator.Build.0 = Release|Any CPU
		{3AD5F81C-103F-4929-B0BF-0461E4620449}.Release|iPhoneSimulator.Deploy.0 = Release|Any CPU
		{3AD5F81C-103F-4929-B0BF-0461E4620449}.Release|x64.ActiveCfg = Release|Any CPU
		{3AD5F81C-103F-4929-B0BF-0461E4620449}.Release|x64.Build.0 = Release|Any CPU
		{3AD5F81C-103F-4929-B0BF-0461E4620449}.Release|x64.Deploy.0 = Release|Any CPU
		{3AD5F81C-103F-4929-B0BF-0461E4620449}.Release|x86.ActiveCfg = Release|Any CPU
		{3AD5F81C-103F-4929-B0BF-0461E4620449}.Release|x86.Build.0 = Release|Any CPU
		{3AD5F81C-103F-4929-B0BF-0461E4620449}.Release|x86.Deploy.0 = Release|Any CPU
		{D0669584-F59F-407A-8FD3-0D7E289FBA6A}.Ad-Hoc|Any CPU.ActiveCfg = Ad-Hoc|iPhone
		{D0669584-F59F-407A-8FD3-0D7E289FBA6A}.Ad-Hoc|ARM.ActiveCfg = Ad-Hoc|iPhone
		{D0669584-F59F-407A-8FD3-0D7E289FBA6A}.Ad-Hoc|iPhone.ActiveCfg = Ad-Hoc|iPhone
		{D0669584-F59F-407A-8FD3-0D7E289FBA6A}.Ad-Hoc|iPhone.Build.0 = Ad-Hoc|iPhone
		{D0669584-F59F-407A-8FD3-0D7E289FBA6A}.Ad-Hoc|iPhoneSimulator.ActiveCfg = Ad-Hoc|iPhoneSimulator
		{D0669584-F59F-407A-8FD3-0D7E289FBA6A}.Ad-Hoc|iPhoneSimulator.Build.0 = Ad-Hoc|iPhoneSimulator
		{D0669584-F59F-407A-8FD3-0D7E289FBA6A}.Ad-Hoc|x64.ActiveCfg = Ad-Hoc|iPhone
		{D0669584-F59F-407A-8FD3-0D7E289FBA6A}.Ad-Hoc|x86.ActiveCfg = Ad-Hoc|iPhone
		{D0669584-F59F-407A-8FD3-0D7E289FBA6A}.AppStore|Any CPU.ActiveCfg = AppStore|iPhone
		{D0669584-F59F-407A-8FD3-0D7E289FBA6A}.AppStore|ARM.ActiveCfg = AppStore|iPhone
		{D0669584-F59F-407A-8FD3-0D7E289FBA6A}.AppStore|iPhone.ActiveCfg = AppStore|iPhone
		{D0669584-F59F-407A-8FD3-0D7E289FBA6A}.AppStore|iPhone.Build.0 = AppStore|iPhone
		{D0669584-F59F-407A-8FD3-0D7E289FBA6A}.AppStore|iPhoneSimulator.ActiveCfg = AppStore|iPhoneSimulator
		{D0669584-F59F-407A-8FD3-0D7E289FBA6A}.AppStore|iPhoneSimulator.Build.0 = AppStore|iPhoneSimulator
		{D0669584-F59F-407A-8FD3-0D7E289FBA6A}.AppStore|x64.ActiveCfg = AppStore|iPhone
		{D0669584-F59F-407A-8FD3-0D7E289FBA6A}.AppStore|x86.ActiveCfg = AppStore|iPhone
		{D0669584-F59F-407A-8FD3-0D7E289FBA6A}.Debug|Any CPU.ActiveCfg = Debug|iPhone
		{D0669584-F59F-407A-8FD3-0D7E289FBA6A}.Debug|ARM.ActiveCfg = Debug|iPhone
		{D0669584-F59F-407A-8FD3-0D7E289FBA6A}.Debug|iPhone.ActiveCfg = Debug|iPhone
		{D0669584-F59F-407A-8FD3-0D7E289FBA6A}.Debug|iPhone.Build.0 = Debug|iPhone
		{D0669584-F59F-407A-8FD3-0D7E289FBA6A}.Debug|iPhoneSimulator.ActiveCfg = Debug|iPhoneSimulator
		{D0669584-F59F-407A-8FD3-0D7E289FBA6A}.Debug|iPhoneSimulator.Build.0 = Debug|iPhoneSimulator
		{D0669584-F59F-407A-8FD3-0D7E289FBA6A}.Debug|x64.ActiveCfg = Debug|iPhone
		{D0669584-F59F-407A-8FD3-0D7E289FBA6A}.Debug|x86.ActiveCfg = Debug|iPhone
		{D0669584-F59F-407A-8FD3-0D7E289FBA6A}.Release|Any CPU.ActiveCfg = Release|iPhone
		{D0669584-F59F-407A-8FD3-0D7E289FBA6A}.Release|ARM.ActiveCfg = Release|iPhone
		{D0669584-F59F-407A-8FD3-0D7E289FBA6A}.Release|iPhone.ActiveCfg = Release|iPhone
		{D0669584-F59F-407A-8FD3-0D7E289FBA6A}.Release|iPhone.Build.0 = Release|iPhone
		{D0669584-F59F-407A-8FD3-0D7E289FBA6A}.Release|iPhoneSimulator.ActiveCfg = Release|iPhoneSimulator
		{D0669584-F59F-407A-8FD3-0D7E289FBA6A}.Release|iPhoneSimulator.Build.0 = Release|iPhoneSimulator
		{D0669584-F59F-407A-8FD3-0D7E289FBA6A}.Release|x64.ActiveCfg = Release|iPhone
		{D0669584-F59F-407A-8FD3-0D7E289FBA6A}.Release|x86.ActiveCfg = Release|iPhone
		{C02BEEA2-DB7F-4C7D-9CB8-110DD417CDA4}.Ad-Hoc|Any CPU.ActiveCfg = Debug|Any CPU
		{C02BEEA2-DB7F-4C7D-9CB8-110DD417CDA4}.Ad-Hoc|Any CPU.Build.0 = Debug|Any CPU
		{C02BEEA2-DB7F-4C7D-9CB8-110DD417CDA4}.Ad-Hoc|ARM.ActiveCfg = Debug|Any CPU
		{C02BEEA2-DB7F-4C7D-9CB8-110DD417CDA4}.Ad-Hoc|ARM.Build.0 = Debug|Any CPU
		{C02BEEA2-DB7F-4C7D-9CB8-110DD417CDA4}.Ad-Hoc|iPhone.ActiveCfg = Debug|Any CPU
		{C02BEEA2-DB7F-4C7D-9CB8-110DD417CDA4}.Ad-Hoc|iPhone.Build.0 = Debug|Any CPU
		{C02BEEA2-DB7F-4C7D-9CB8-110DD417CDA4}.Ad-Hoc|iPhoneSimulator.ActiveCfg = Debug|Any CPU
		{C02BEEA2-DB7F-4C7D-9CB8-110DD417CDA4}.Ad-Hoc|iPhoneSimulator.Build.0 = Debug|Any CPU
		{C02BEEA2-DB7F-4C7D-9CB8-110DD417CDA4}.Ad-Hoc|x64.ActiveCfg = Debug|Any CPU
		{C02BEEA2-DB7F-4C7D-9CB8-110DD417CDA4}.Ad-Hoc|x64.Build.0 = Debug|Any CPU
		{C02BEEA2-DB7F-4C7D-9CB8-110DD417CDA4}.Ad-Hoc|x86.ActiveCfg = Debug|Any CPU
		{C02BEEA2-DB7F-4C7D-9CB8-110DD417CDA4}.Ad-Hoc|x86.Build.0 = Debug|Any CPU
		{C02BEEA2-DB7F-4C7D-9CB8-110DD417CDA4}.AppStore|Any CPU.ActiveCfg = Debug|Any CPU
		{C02BEEA2-DB7F-4C7D-9CB8-110DD417CDA4}.AppStore|Any CPU.Build.0 = Debug|Any CPU
		{C02BEEA2-DB7F-4C7D-9CB8-110DD417CDA4}.AppStore|ARM.ActiveCfg = Debug|Any CPU
		{C02BEEA2-DB7F-4C7D-9CB8-110DD417CDA4}.AppStore|ARM.Build.0 = Debug|Any CPU
		{C02BEEA2-DB7F-4C7D-9CB8-110DD417CDA4}.AppStore|iPhone.ActiveCfg = Debug|Any CPU
		{C02BEEA2-DB7F-4C7D-9CB8-110DD417CDA4}.AppStore|iPhone.Build.0 = Debug|Any CPU
		{C02BEEA2-DB7F-4C7D-9CB8-110DD417CDA4}.AppStore|iPhoneSimulator.ActiveCfg = Debug|Any CPU
		{C02BEEA2-DB7F-4C7D-9CB8-110DD417CDA4}.AppStore|iPhoneSimulator.Build.0 = Debug|Any CPU
		{C02BEEA2-DB7F-4C7D-9CB8-110DD417CDA4}.AppStore|x64.ActiveCfg = Debug|Any CPU
		{C02BEEA2-DB7F-4C7D-9CB8-110DD417CDA4}.AppStore|x64.Build.0 = Debug|Any CPU
		{C02BEEA2-DB7F-4C7D-9CB8-110DD417CDA4}.AppStore|x86.ActiveCfg = Debug|Any CPU
		{C02BEEA2-DB7F-4C7D-9CB8-110DD417CDA4}.AppStore|x86.Build.0 = Debug|Any CPU
		{C02BEEA2-DB7F-4C7D-9CB8-110DD417CDA4}.Debug|Any CPU.ActiveCfg = Debug|Any CPU
		{C02BEEA2-DB7F-4C7D-9CB8-110DD417CDA4}.Debug|Any CPU.Build.0 = Debug|Any CPU
		{C02BEEA2-DB7F-4C7D-9CB8-110DD417CDA4}.Debug|ARM.ActiveCfg = Debug|Any CPU
		{C02BEEA2-DB7F-4C7D-9CB8-110DD417CDA4}.Debug|ARM.Build.0 = Debug|Any CPU
		{C02BEEA2-DB7F-4C7D-9CB8-110DD417CDA4}.Debug|iPhone.ActiveCfg = Debug|Any CPU
		{C02BEEA2-DB7F-4C7D-9CB8-110DD417CDA4}.Debug|iPhone.Build.0 = Debug|Any CPU
		{C02BEEA2-DB7F-4C7D-9CB8-110DD417CDA4}.Debug|iPhoneSimulator.ActiveCfg = Debug|Any CPU
		{C02BEEA2-DB7F-4C7D-9CB8-110DD417CDA4}.Debug|iPhoneSimulator.Build.0 = Debug|Any CPU
		{C02BEEA2-DB7F-4C7D-9CB8-110DD417CDA4}.Debug|x64.ActiveCfg = Debug|Any CPU
		{C02BEEA2-DB7F-4C7D-9CB8-110DD417CDA4}.Debug|x64.Build.0 = Debug|Any CPU
		{C02BEEA2-DB7F-4C7D-9CB8-110DD417CDA4}.Debug|x86.ActiveCfg = Debug|Any CPU
		{C02BEEA2-DB7F-4C7D-9CB8-110DD417CDA4}.Debug|x86.Build.0 = Debug|Any CPU
		{C02BEEA2-DB7F-4C7D-9CB8-110DD417CDA4}.Release|Any CPU.ActiveCfg = Release|Any CPU
		{C02BEEA2-DB7F-4C7D-9CB8-110DD417CDA4}.Release|Any CPU.Build.0 = Release|Any CPU
		{C02BEEA2-DB7F-4C7D-9CB8-110DD417CDA4}.Release|ARM.ActiveCfg = Release|Any CPU
		{C02BEEA2-DB7F-4C7D-9CB8-110DD417CDA4}.Release|ARM.Build.0 = Release|Any CPU
		{C02BEEA2-DB7F-4C7D-9CB8-110DD417CDA4}.Release|iPhone.ActiveCfg = Release|Any CPU
		{C02BEEA2-DB7F-4C7D-9CB8-110DD417CDA4}.Release|iPhone.Build.0 = Release|Any CPU
		{C02BEEA2-DB7F-4C7D-9CB8-110DD417CDA4}.Release|iPhoneSimulator.ActiveCfg = Release|Any CPU
		{C02BEEA2-DB7F-4C7D-9CB8-110DD417CDA4}.Release|iPhoneSimulator.Build.0 = Release|Any CPU
		{C02BEEA2-DB7F-4C7D-9CB8-110DD417CDA4}.Release|x64.ActiveCfg = Release|Any CPU
		{C02BEEA2-DB7F-4C7D-9CB8-110DD417CDA4}.Release|x64.Build.0 = Release|Any CPU
		{C02BEEA2-DB7F-4C7D-9CB8-110DD417CDA4}.Release|x86.ActiveCfg = Release|Any CPU
		{C02BEEA2-DB7F-4C7D-9CB8-110DD417CDA4}.Release|x86.Build.0 = Release|Any CPU
		{BE2E373D-9314-412D-9865-92103B9C5CB4}.Ad-Hoc|Any CPU.ActiveCfg = Release|Any CPU
		{BE2E373D-9314-412D-9865-92103B9C5CB4}.Ad-Hoc|Any CPU.Build.0 = Release|Any CPU
		{BE2E373D-9314-412D-9865-92103B9C5CB4}.Ad-Hoc|Any CPU.Deploy.0 = Release|Any CPU
		{BE2E373D-9314-412D-9865-92103B9C5CB4}.Ad-Hoc|ARM.ActiveCfg = Release|Any CPU
		{BE2E373D-9314-412D-9865-92103B9C5CB4}.Ad-Hoc|ARM.Build.0 = Release|Any CPU
		{BE2E373D-9314-412D-9865-92103B9C5CB4}.Ad-Hoc|ARM.Deploy.0 = Release|Any CPU
		{BE2E373D-9314-412D-9865-92103B9C5CB4}.Ad-Hoc|iPhone.ActiveCfg = Release|Any CPU
		{BE2E373D-9314-412D-9865-92103B9C5CB4}.Ad-Hoc|iPhone.Build.0 = Release|Any CPU
		{BE2E373D-9314-412D-9865-92103B9C5CB4}.Ad-Hoc|iPhone.Deploy.0 = Release|Any CPU
		{BE2E373D-9314-412D-9865-92103B9C5CB4}.Ad-Hoc|iPhoneSimulator.ActiveCfg = Release|Any CPU
		{BE2E373D-9314-412D-9865-92103B9C5CB4}.Ad-Hoc|iPhoneSimulator.Build.0 = Release|Any CPU
		{BE2E373D-9314-412D-9865-92103B9C5CB4}.Ad-Hoc|iPhoneSimulator.Deploy.0 = Release|Any CPU
		{BE2E373D-9314-412D-9865-92103B9C5CB4}.Ad-Hoc|x64.ActiveCfg = Release|Any CPU
		{BE2E373D-9314-412D-9865-92103B9C5CB4}.Ad-Hoc|x64.Build.0 = Release|Any CPU
		{BE2E373D-9314-412D-9865-92103B9C5CB4}.Ad-Hoc|x64.Deploy.0 = Release|Any CPU
		{BE2E373D-9314-412D-9865-92103B9C5CB4}.Ad-Hoc|x86.ActiveCfg = Release|Any CPU
		{BE2E373D-9314-412D-9865-92103B9C5CB4}.Ad-Hoc|x86.Build.0 = Release|Any CPU
		{BE2E373D-9314-412D-9865-92103B9C5CB4}.Ad-Hoc|x86.Deploy.0 = Release|Any CPU
		{BE2E373D-9314-412D-9865-92103B9C5CB4}.AppStore|Any CPU.ActiveCfg = Release|Any CPU
		{BE2E373D-9314-412D-9865-92103B9C5CB4}.AppStore|Any CPU.Build.0 = Release|Any CPU
		{BE2E373D-9314-412D-9865-92103B9C5CB4}.AppStore|Any CPU.Deploy.0 = Release|Any CPU
		{BE2E373D-9314-412D-9865-92103B9C5CB4}.AppStore|ARM.ActiveCfg = Release|Any CPU
		{BE2E373D-9314-412D-9865-92103B9C5CB4}.AppStore|ARM.Build.0 = Release|Any CPU
		{BE2E373D-9314-412D-9865-92103B9C5CB4}.AppStore|ARM.Deploy.0 = Release|Any CPU
		{BE2E373D-9314-412D-9865-92103B9C5CB4}.AppStore|iPhone.ActiveCfg = Release|Any CPU
		{BE2E373D-9314-412D-9865-92103B9C5CB4}.AppStore|iPhone.Build.0 = Release|Any CPU
		{BE2E373D-9314-412D-9865-92103B9C5CB4}.AppStore|iPhone.Deploy.0 = Release|Any CPU
		{BE2E373D-9314-412D-9865-92103B9C5CB4}.AppStore|iPhoneSimulator.ActiveCfg = Release|Any CPU
		{BE2E373D-9314-412D-9865-92103B9C5CB4}.AppStore|iPhoneSimulator.Build.0 = Release|Any CPU
		{BE2E373D-9314-412D-9865-92103B9C5CB4}.AppStore|iPhoneSimulator.Deploy.0 = Release|Any CPU
		{BE2E373D-9314-412D-9865-92103B9C5CB4}.AppStore|x64.ActiveCfg = Release|Any CPU
		{BE2E373D-9314-412D-9865-92103B9C5CB4}.AppStore|x64.Build.0 = Release|Any CPU
		{BE2E373D-9314-412D-9865-92103B9C5CB4}.AppStore|x64.Deploy.0 = Release|Any CPU
		{BE2E373D-9314-412D-9865-92103B9C5CB4}.AppStore|x86.ActiveCfg = Release|Any CPU
		{BE2E373D-9314-412D-9865-92103B9C5CB4}.AppStore|x86.Build.0 = Release|Any CPU
		{BE2E373D-9314-412D-9865-92103B9C5CB4}.AppStore|x86.Deploy.0 = Release|Any CPU
		{BE2E373D-9314-412D-9865-92103B9C5CB4}.Debug|Any CPU.ActiveCfg = Debug|Any CPU
		{BE2E373D-9314-412D-9865-92103B9C5CB4}.Debug|Any CPU.Build.0 = Debug|Any CPU
		{BE2E373D-9314-412D-9865-92103B9C5CB4}.Debug|Any CPU.Deploy.0 = Debug|Any CPU
		{BE2E373D-9314-412D-9865-92103B9C5CB4}.Debug|ARM.ActiveCfg = Debug|Any CPU
		{BE2E373D-9314-412D-9865-92103B9C5CB4}.Debug|ARM.Build.0 = Debug|Any CPU
		{BE2E373D-9314-412D-9865-92103B9C5CB4}.Debug|ARM.Deploy.0 = Debug|Any CPU
		{BE2E373D-9314-412D-9865-92103B9C5CB4}.Debug|iPhone.ActiveCfg = Debug|Any CPU
		{BE2E373D-9314-412D-9865-92103B9C5CB4}.Debug|iPhone.Build.0 = Debug|Any CPU
		{BE2E373D-9314-412D-9865-92103B9C5CB4}.Debug|iPhone.Deploy.0 = Debug|Any CPU
		{BE2E373D-9314-412D-9865-92103B9C5CB4}.Debug|iPhoneSimulator.ActiveCfg = Debug|Any CPU
		{BE2E373D-9314-412D-9865-92103B9C5CB4}.Debug|iPhoneSimulator.Build.0 = Debug|Any CPU
		{BE2E373D-9314-412D-9865-92103B9C5CB4}.Debug|iPhoneSimulator.Deploy.0 = Debug|Any CPU
		{BE2E373D-9314-412D-9865-92103B9C5CB4}.Debug|x64.ActiveCfg = Debug|Any CPU
		{BE2E373D-9314-412D-9865-92103B9C5CB4}.Debug|x64.Build.0 = Debug|Any CPU
		{BE2E373D-9314-412D-9865-92103B9C5CB4}.Debug|x64.Deploy.0 = Debug|Any CPU
		{BE2E373D-9314-412D-9865-92103B9C5CB4}.Debug|x86.ActiveCfg = Debug|Any CPU
		{BE2E373D-9314-412D-9865-92103B9C5CB4}.Debug|x86.Build.0 = Debug|Any CPU
		{BE2E373D-9314-412D-9865-92103B9C5CB4}.Debug|x86.Deploy.0 = Debug|Any CPU
		{BE2E373D-9314-412D-9865-92103B9C5CB4}.Release|Any CPU.ActiveCfg = Release|Any CPU
		{BE2E373D-9314-412D-9865-92103B9C5CB4}.Release|Any CPU.Build.0 = Release|Any CPU
		{BE2E373D-9314-412D-9865-92103B9C5CB4}.Release|Any CPU.Deploy.0 = Release|Any CPU
		{BE2E373D-9314-412D-9865-92103B9C5CB4}.Release|ARM.ActiveCfg = Release|Any CPU
		{BE2E373D-9314-412D-9865-92103B9C5CB4}.Release|ARM.Build.0 = Release|Any CPU
		{BE2E373D-9314-412D-9865-92103B9C5CB4}.Release|ARM.Deploy.0 = Release|Any CPU
		{BE2E373D-9314-412D-9865-92103B9C5CB4}.Release|iPhone.ActiveCfg = Release|Any CPU
		{BE2E373D-9314-412D-9865-92103B9C5CB4}.Release|iPhone.Build.0 = Release|Any CPU
		{BE2E373D-9314-412D-9865-92103B9C5CB4}.Release|iPhone.Deploy.0 = Release|Any CPU
		{BE2E373D-9314-412D-9865-92103B9C5CB4}.Release|iPhoneSimulator.ActiveCfg = Release|Any CPU
		{BE2E373D-9314-412D-9865-92103B9C5CB4}.Release|iPhoneSimulator.Build.0 = Release|Any CPU
		{BE2E373D-9314-412D-9865-92103B9C5CB4}.Release|iPhoneSimulator.Deploy.0 = Release|Any CPU
		{BE2E373D-9314-412D-9865-92103B9C5CB4}.Release|x64.ActiveCfg = Release|Any CPU
		{BE2E373D-9314-412D-9865-92103B9C5CB4}.Release|x64.Build.0 = Release|Any CPU
		{BE2E373D-9314-412D-9865-92103B9C5CB4}.Release|x64.Deploy.0 = Release|Any CPU
		{BE2E373D-9314-412D-9865-92103B9C5CB4}.Release|x86.ActiveCfg = Release|Any CPU
		{BE2E373D-9314-412D-9865-92103B9C5CB4}.Release|x86.Build.0 = Release|Any CPU
		{BE2E373D-9314-412D-9865-92103B9C5CB4}.Release|x86.Deploy.0 = Release|Any CPU
		{9E509B13-36FC-4F08-A8FB-30DE01631E2A}.Ad-Hoc|Any CPU.ActiveCfg = Ad-Hoc|iPhone
		{9E509B13-36FC-4F08-A8FB-30DE01631E2A}.Ad-Hoc|ARM.ActiveCfg = Ad-Hoc|iPhone
		{9E509B13-36FC-4F08-A8FB-30DE01631E2A}.Ad-Hoc|iPhone.ActiveCfg = Ad-Hoc|iPhone
		{9E509B13-36FC-4F08-A8FB-30DE01631E2A}.Ad-Hoc|iPhone.Build.0 = Ad-Hoc|iPhone
		{9E509B13-36FC-4F08-A8FB-30DE01631E2A}.Ad-Hoc|iPhoneSimulator.ActiveCfg = Ad-Hoc|iPhoneSimulator
		{9E509B13-36FC-4F08-A8FB-30DE01631E2A}.Ad-Hoc|iPhoneSimulator.Build.0 = Ad-Hoc|iPhoneSimulator
		{9E509B13-36FC-4F08-A8FB-30DE01631E2A}.Ad-Hoc|x64.ActiveCfg = Ad-Hoc|iPhone
		{9E509B13-36FC-4F08-A8FB-30DE01631E2A}.Ad-Hoc|x86.ActiveCfg = Ad-Hoc|iPhone
		{9E509B13-36FC-4F08-A8FB-30DE01631E2A}.AppStore|Any CPU.ActiveCfg = AppStore|iPhone
		{9E509B13-36FC-4F08-A8FB-30DE01631E2A}.AppStore|ARM.ActiveCfg = AppStore|iPhone
		{9E509B13-36FC-4F08-A8FB-30DE01631E2A}.AppStore|iPhone.ActiveCfg = AppStore|iPhone
		{9E509B13-36FC-4F08-A8FB-30DE01631E2A}.AppStore|iPhone.Build.0 = AppStore|iPhone
		{9E509B13-36FC-4F08-A8FB-30DE01631E2A}.AppStore|iPhoneSimulator.ActiveCfg = AppStore|iPhoneSimulator
		{9E509B13-36FC-4F08-A8FB-30DE01631E2A}.AppStore|iPhoneSimulator.Build.0 = AppStore|iPhoneSimulator
		{9E509B13-36FC-4F08-A8FB-30DE01631E2A}.AppStore|x64.ActiveCfg = AppStore|iPhone
		{9E509B13-36FC-4F08-A8FB-30DE01631E2A}.AppStore|x86.ActiveCfg = AppStore|iPhone
		{9E509B13-36FC-4F08-A8FB-30DE01631E2A}.Debug|Any CPU.ActiveCfg = Debug|iPhone
		{9E509B13-36FC-4F08-A8FB-30DE01631E2A}.Debug|ARM.ActiveCfg = Debug|iPhone
		{9E509B13-36FC-4F08-A8FB-30DE01631E2A}.Debug|iPhone.ActiveCfg = Debug|iPhone
		{9E509B13-36FC-4F08-A8FB-30DE01631E2A}.Debug|iPhone.Build.0 = Debug|iPhone
		{9E509B13-36FC-4F08-A8FB-30DE01631E2A}.Debug|iPhoneSimulator.ActiveCfg = Debug|iPhoneSimulator
		{9E509B13-36FC-4F08-A8FB-30DE01631E2A}.Debug|iPhoneSimulator.Build.0 = Debug|iPhoneSimulator
		{9E509B13-36FC-4F08-A8FB-30DE01631E2A}.Debug|x64.ActiveCfg = Debug|iPhone
		{9E509B13-36FC-4F08-A8FB-30DE01631E2A}.Debug|x86.ActiveCfg = Debug|iPhone
		{9E509B13-36FC-4F08-A8FB-30DE01631E2A}.Release|Any CPU.ActiveCfg = Release|iPhone
		{9E509B13-36FC-4F08-A8FB-30DE01631E2A}.Release|ARM.ActiveCfg = Release|iPhone
		{9E509B13-36FC-4F08-A8FB-30DE01631E2A}.Release|iPhone.ActiveCfg = Release|iPhone
		{9E509B13-36FC-4F08-A8FB-30DE01631E2A}.Release|iPhone.Build.0 = Release|iPhone
		{9E509B13-36FC-4F08-A8FB-30DE01631E2A}.Release|iPhoneSimulator.ActiveCfg = Release|iPhoneSimulator
		{9E509B13-36FC-4F08-A8FB-30DE01631E2A}.Release|iPhoneSimulator.Build.0 = Release|iPhoneSimulator
		{9E509B13-36FC-4F08-A8FB-30DE01631E2A}.Release|x64.ActiveCfg = Release|iPhone
		{9E509B13-36FC-4F08-A8FB-30DE01631E2A}.Release|x86.ActiveCfg = Release|iPhone
		{81A37093-EEB6-4B31-A057-F45A7CBA9EF6}.Ad-Hoc|Any CPU.ActiveCfg = Debug|Any CPU
		{81A37093-EEB6-4B31-A057-F45A7CBA9EF6}.Ad-Hoc|Any CPU.Build.0 = Debug|Any CPU
		{81A37093-EEB6-4B31-A057-F45A7CBA9EF6}.Ad-Hoc|ARM.ActiveCfg = Debug|Any CPU
		{81A37093-EEB6-4B31-A057-F45A7CBA9EF6}.Ad-Hoc|ARM.Build.0 = Debug|Any CPU
		{81A37093-EEB6-4B31-A057-F45A7CBA9EF6}.Ad-Hoc|iPhone.ActiveCfg = Debug|Any CPU
		{81A37093-EEB6-4B31-A057-F45A7CBA9EF6}.Ad-Hoc|iPhone.Build.0 = Debug|Any CPU
		{81A37093-EEB6-4B31-A057-F45A7CBA9EF6}.Ad-Hoc|iPhoneSimulator.ActiveCfg = Debug|Any CPU
		{81A37093-EEB6-4B31-A057-F45A7CBA9EF6}.Ad-Hoc|iPhoneSimulator.Build.0 = Debug|Any CPU
		{81A37093-EEB6-4B31-A057-F45A7CBA9EF6}.Ad-Hoc|x64.ActiveCfg = Debug|Any CPU
		{81A37093-EEB6-4B31-A057-F45A7CBA9EF6}.Ad-Hoc|x64.Build.0 = Debug|Any CPU
		{81A37093-EEB6-4B31-A057-F45A7CBA9EF6}.Ad-Hoc|x86.ActiveCfg = Debug|Any CPU
		{81A37093-EEB6-4B31-A057-F45A7CBA9EF6}.Ad-Hoc|x86.Build.0 = Debug|Any CPU
		{81A37093-EEB6-4B31-A057-F45A7CBA9EF6}.AppStore|Any CPU.ActiveCfg = Debug|Any CPU
		{81A37093-EEB6-4B31-A057-F45A7CBA9EF6}.AppStore|Any CPU.Build.0 = Debug|Any CPU
		{81A37093-EEB6-4B31-A057-F45A7CBA9EF6}.AppStore|ARM.ActiveCfg = Debug|Any CPU
		{81A37093-EEB6-4B31-A057-F45A7CBA9EF6}.AppStore|ARM.Build.0 = Debug|Any CPU
		{81A37093-EEB6-4B31-A057-F45A7CBA9EF6}.AppStore|iPhone.ActiveCfg = Debug|Any CPU
		{81A37093-EEB6-4B31-A057-F45A7CBA9EF6}.AppStore|iPhone.Build.0 = Debug|Any CPU
		{81A37093-EEB6-4B31-A057-F45A7CBA9EF6}.AppStore|iPhoneSimulator.ActiveCfg = Debug|Any CPU
		{81A37093-EEB6-4B31-A057-F45A7CBA9EF6}.AppStore|iPhoneSimulator.Build.0 = Debug|Any CPU
		{81A37093-EEB6-4B31-A057-F45A7CBA9EF6}.AppStore|x64.ActiveCfg = Debug|Any CPU
		{81A37093-EEB6-4B31-A057-F45A7CBA9EF6}.AppStore|x64.Build.0 = Debug|Any CPU
		{81A37093-EEB6-4B31-A057-F45A7CBA9EF6}.AppStore|x86.ActiveCfg = Debug|Any CPU
		{81A37093-EEB6-4B31-A057-F45A7CBA9EF6}.AppStore|x86.Build.0 = Debug|Any CPU
		{81A37093-EEB6-4B31-A057-F45A7CBA9EF6}.Debug|Any CPU.ActiveCfg = Debug|Any CPU
		{81A37093-EEB6-4B31-A057-F45A7CBA9EF6}.Debug|Any CPU.Build.0 = Debug|Any CPU
		{81A37093-EEB6-4B31-A057-F45A7CBA9EF6}.Debug|ARM.ActiveCfg = Debug|Any CPU
		{81A37093-EEB6-4B31-A057-F45A7CBA9EF6}.Debug|ARM.Build.0 = Debug|Any CPU
		{81A37093-EEB6-4B31-A057-F45A7CBA9EF6}.Debug|iPhone.ActiveCfg = Debug|Any CPU
		{81A37093-EEB6-4B31-A057-F45A7CBA9EF6}.Debug|iPhone.Build.0 = Debug|Any CPU
		{81A37093-EEB6-4B31-A057-F45A7CBA9EF6}.Debug|iPhoneSimulator.ActiveCfg = Debug|Any CPU
		{81A37093-EEB6-4B31-A057-F45A7CBA9EF6}.Debug|iPhoneSimulator.Build.0 = Debug|Any CPU
		{81A37093-EEB6-4B31-A057-F45A7CBA9EF6}.Debug|x64.ActiveCfg = Debug|Any CPU
		{81A37093-EEB6-4B31-A057-F45A7CBA9EF6}.Debug|x64.Build.0 = Debug|Any CPU
		{81A37093-EEB6-4B31-A057-F45A7CBA9EF6}.Debug|x86.ActiveCfg = Debug|Any CPU
		{81A37093-EEB6-4B31-A057-F45A7CBA9EF6}.Debug|x86.Build.0 = Debug|Any CPU
		{81A37093-EEB6-4B31-A057-F45A7CBA9EF6}.Release|Any CPU.ActiveCfg = Release|Any CPU
		{81A37093-EEB6-4B31-A057-F45A7CBA9EF6}.Release|Any CPU.Build.0 = Release|Any CPU
		{81A37093-EEB6-4B31-A057-F45A7CBA9EF6}.Release|ARM.ActiveCfg = Release|Any CPU
		{81A37093-EEB6-4B31-A057-F45A7CBA9EF6}.Release|ARM.Build.0 = Release|Any CPU
		{81A37093-EEB6-4B31-A057-F45A7CBA9EF6}.Release|iPhone.ActiveCfg = Release|Any CPU
		{81A37093-EEB6-4B31-A057-F45A7CBA9EF6}.Release|iPhone.Build.0 = Release|Any CPU
		{81A37093-EEB6-4B31-A057-F45A7CBA9EF6}.Release|iPhoneSimulator.ActiveCfg = Release|Any CPU
		{81A37093-EEB6-4B31-A057-F45A7CBA9EF6}.Release|iPhoneSimulator.Build.0 = Release|Any CPU
		{81A37093-EEB6-4B31-A057-F45A7CBA9EF6}.Release|x64.ActiveCfg = Release|Any CPU
		{81A37093-EEB6-4B31-A057-F45A7CBA9EF6}.Release|x64.Build.0 = Release|Any CPU
		{81A37093-EEB6-4B31-A057-F45A7CBA9EF6}.Release|x86.ActiveCfg = Release|Any CPU
		{81A37093-EEB6-4B31-A057-F45A7CBA9EF6}.Release|x86.Build.0 = Release|Any CPU
	EndGlobalSection
	GlobalSection(SolutionProperties) = preSolution
		HideSolutionNode = FALSE
	EndGlobalSection
	GlobalSection(NestedProjects) = preSolution
		{A99FEEE6-582F-4005-90F7-DC4B96228344} = {D0576A38-5503-4E1C-9E71-5DD15B683414}
		{9B5BD666-E5EE-469B-9250-D68B553AABDE} = {D0576A38-5503-4E1C-9E71-5DD15B683414}
		{B2972A59-15F3-4F2E-BA8C-D9588E7428F0} = {D0576A38-5503-4E1C-9E71-5DD15B683414}
		{3AD5F81C-103F-4929-B0BF-0461E4620449} = {74E76450-2A19-4344-9E65-EC4A1E131783}
		{D0669584-F59F-407A-8FD3-0D7E289FBA6A} = {74E76450-2A19-4344-9E65-EC4A1E131783}
		{C02BEEA2-DB7F-4C7D-9CB8-110DD417CDA4} = {74E76450-2A19-4344-9E65-EC4A1E131783}
		{BE2E373D-9314-412D-9865-92103B9C5CB4} = {CE225C89-0583-442E-9FF5-40914426E8B7}
		{9E509B13-36FC-4F08-A8FB-30DE01631E2A} = {CE225C89-0583-442E-9FF5-40914426E8B7}
		{81A37093-EEB6-4B31-A057-F45A7CBA9EF6} = {CE225C89-0583-442E-9FF5-40914426E8B7}
	EndGlobalSection
	GlobalSection(ExtensibilityGlobals) = postSolution
		SolutionGuid = {A27D1287-4E62-4A68-8549-69B507DBEE69}
	EndGlobalSection
EndGlobal
